// !$*UTF8*$!
{
	archiveVersion = 1;
	classes = {
	};
	objectVersion = 46;
	objects = {

/* Begin PBXBuildFile section */
		8A9188341608CC99000F17DE /* FlashRuntimeExtensions.h in Headers */ = {isa = PBXBuildFile; fileRef = 8A9188331608CC99000F17DE /* FlashRuntimeExtensions.h */; };
		8A9188A71608CCEB000F17DE /* DFPBannerView.h in Headers */ = {isa = PBXBuildFile; fileRef = 8A9188391608CCEB000F17DE /* DFPBannerView.h */; };
		8A9188A81608CCEB000F17DE /* DFPExtras.h in Headers */ = {isa = PBXBuildFile; fileRef = 8A91883A1608CCEB000F17DE /* DFPExtras.h */; };
		8A9188A91608CCEB000F17DE /* DFPInterstitial.h in Headers */ = {isa = PBXBuildFile; fileRef = 8A91883B1608CCEB000F17DE /* DFPInterstitial.h */; };
		8A9188AA1608CCEB000F17DE /* GADAdSizeDelegate.h in Headers */ = {isa = PBXBuildFile; fileRef = 8A91883C1608CCEB000F17DE /* GADAdSizeDelegate.h */; };
		8A9188AB1608CCEB000F17DE /* GADAppEventDelegate.h in Headers */ = {isa = PBXBuildFile; fileRef = 8A91883D1608CCEB000F17DE /* GADAppEventDelegate.h */; };
		8A9188B81608CCEB000F17DE /* GAI.h in Headers */ = {isa = PBXBuildFile; fileRef = 8A9188861608CCEB000F17DE /* GAI.h */; };
		8A9188B91608CCEB000F17DE /* GAITrackedViewController.h in Headers */ = {isa = PBXBuildFile; fileRef = 8A9188871608CCEB000F17DE /* GAITrackedViewController.h */; };
		8A9188BA1608CCEB000F17DE /* GAITracker.h in Headers */ = {isa = PBXBuildFile; fileRef = 8A9188881608CCEB000F17DE /* GAITracker.h */; };
		8A9188BB1608CCEB000F17DE /* GAITransaction.h in Headers */ = {isa = PBXBuildFile; fileRef = 8A9188891608CCEB000F17DE /* GAITransaction.h */; };
		8A9188BC1608CCEB000F17DE /* GAITransactionItem.h in Headers */ = {isa = PBXBuildFile; fileRef = 8A91888A1608CCEB000F17DE /* GAITransactionItem.h */; };
		8A9188BF1608CCEB000F17DE /* GADCustomEventBanner.h in Headers */ = {isa = PBXBuildFile; fileRef = 8A91888F1608CCEB000F17DE /* GADCustomEventBanner.h */; };
		8A9188C01608CCEB000F17DE /* GADCustomEventBannerDelegate.h in Headers */ = {isa = PBXBuildFile; fileRef = 8A9188901608CCEB000F17DE /* GADCustomEventBannerDelegate.h */; };
		8A9188C11608CCEB000F17DE /* GADCustomEventExtras.h in Headers */ = {isa = PBXBuildFile; fileRef = 8A9188911608CCEB000F17DE /* GADCustomEventExtras.h */; };
		8A9188C21608CCEB000F17DE /* GADCustomEventInterstitial.h in Headers */ = {isa = PBXBuildFile; fileRef = 8A9188921608CCEB000F17DE /* GADCustomEventInterstitial.h */; };
		8A9188C31608CCEB000F17DE /* GADCustomEventInterstitialDelegate.h in Headers */ = {isa = PBXBuildFile; fileRef = 8A9188931608CCEB000F17DE /* GADCustomEventInterstitialDelegate.h */; };
		8A9188C41608CCEB000F17DE /* GADCustomEventRequest.h in Headers */ = {isa = PBXBuildFile; fileRef = 8A9188941608CCEB000F17DE /* GADCustomEventRequest.h */; };
		8A9188C51608CCEB000F17DE /* GADSearchBannerView.h in Headers */ = {isa = PBXBuildFile; fileRef = 8A9188961608CCEB000F17DE /* GADSearchBannerView.h */; };
		8A9188C61608CCEB000F17DE /* GADSearchRequest.h in Headers */ = {isa = PBXBuildFile; fileRef = 8A9188971608CCEB000F17DE /* GADSearchRequest.h */; };
		8A9188C71608CCEB000F17DE /* GADAdMobExtras.h in Headers */ = {isa = PBXBuildFile; fileRef = 8A9188981608CCEB000F17DE /* GADAdMobExtras.h */; };
		8A9188C81608CCEB000F17DE /* GADAdNetworkExtras.h in Headers */ = {isa = PBXBuildFile; fileRef = 8A9188991608CCEB000F17DE /* GADAdNetworkExtras.h */; };
		8A9188C91608CCEB000F17DE /* GADAdSize.h in Headers */ = {isa = PBXBuildFile; fileRef = 8A91889A1608CCEB000F17DE /* GADAdSize.h */; };
		8A9188CA1608CCEB000F17DE /* GADBannerView.h in Headers */ = {isa = PBXBuildFile; fileRef = 8A91889B1608CCEB000F17DE /* GADBannerView.h */; };
		8A9188CB1608CCEB000F17DE /* GADBannerViewDelegate.h in Headers */ = {isa = PBXBuildFile; fileRef = 8A91889C1608CCEB000F17DE /* GADBannerViewDelegate.h */; };
		8A9188CC1608CCEB000F17DE /* GADInterstitial.h in Headers */ = {isa = PBXBuildFile; fileRef = 8A91889D1608CCEB000F17DE /* GADInterstitial.h */; };
		8A9188CD1608CCEB000F17DE /* GADInterstitialDelegate.h in Headers */ = {isa = PBXBuildFile; fileRef = 8A91889E1608CCEB000F17DE /* GADInterstitialDelegate.h */; };
		8A9188CE1608CCEB000F17DE /* GADRequest.h in Headers */ = {isa = PBXBuildFile; fileRef = 8A91889F1608CCEB000F17DE /* GADRequest.h */; };
		8A9188CF1608CCEB000F17DE /* GADRequestError.h in Headers */ = {isa = PBXBuildFile; fileRef = 8A9188A01608CCEB000F17DE /* GADRequestError.h */; };
		8A9188D01608CCEB000F17DE /* libGoogleAdMobAds.a in Frameworks */ = {isa = PBXBuildFile; fileRef = 8A9188A11608CCEB000F17DE /* libGoogleAdMobAds.a */; };
		8A9188D71608CD20000F17DE /* libMMSDK_4.6.0.a in Frameworks */ = {isa = PBXBuildFile; fileRef = 8A9188D51608CD20000F17DE /* libMMSDK_4.6.0.a */; };
		8A9188D81608CD20000F17DE /* MMAdView.h in Headers */ = {isa = PBXBuildFile; fileRef = 8A9188D61608CD20000F17DE /* MMAdView.h */; };
		8A9188F41608CD2F000F17DE /* CDataScanner.h in Headers */ = {isa = PBXBuildFile; fileRef = 8A9188DA1608CD2F000F17DE /* CDataScanner.h */; };
		8A9188F51608CD2F000F17DE /* CDataScanner.m in Sources */ = {isa = PBXBuildFile; fileRef = 8A9188DB1608CD2F000F17DE /* CDataScanner.m */; };
		8A9188F61608CD2F000F17DE /* CFilteringJSONSerializer.h in Headers */ = {isa = PBXBuildFile; fileRef = 8A9188DD1608CD2F000F17DE /* CFilteringJSONSerializer.h */; };
		8A9188F71608CD2F000F17DE /* CFilteringJSONSerializer.m in Sources */ = {isa = PBXBuildFile; fileRef = 8A9188DE1608CD2F000F17DE /* CFilteringJSONSerializer.m */; };
		8A9188F81608CD2F000F17DE /* CJSONDeserializer_BlocksExtensions.h in Headers */ = {isa = PBXBuildFile; fileRef = 8A9188DF1608CD2F000F17DE /* CJSONDeserializer_BlocksExtensions.h */; };
		8A9188F91608CD2F000F17DE /* CJSONDeserializer_BlocksExtensions.m in Sources */ = {isa = PBXBuildFile; fileRef = 8A9188E01608CD2F000F17DE /* CJSONDeserializer_BlocksExtensions.m */; };
		8A9188FA1608CD2F000F17DE /* CJSONSerialization.h in Headers */ = {isa = PBXBuildFile; fileRef = 8A9188E11608CD2F000F17DE /* CJSONSerialization.h */; };
		8A9188FB1608CD2F000F17DE /* CJSONSerialization.m in Sources */ = {isa = PBXBuildFile; fileRef = 8A9188E21608CD2F000F17DE /* CJSONSerialization.m */; };
		8A9188FC1608CD2F000F17DE /* CJSONSerializedData.h in Headers */ = {isa = PBXBuildFile; fileRef = 8A9188E31608CD2F000F17DE /* CJSONSerializedData.h */; };
		8A9188FD1608CD2F000F17DE /* CJSONSerializedData.m in Sources */ = {isa = PBXBuildFile; fileRef = 8A9188E41608CD2F000F17DE /* CJSONSerializedData.m */; };
		8A9188FE1608CD2F000F17DE /* CDataScanner_Extensions.h in Headers */ = {isa = PBXBuildFile; fileRef = 8A9188E61608CD2F000F17DE /* CDataScanner_Extensions.h */; };
		8A9188FF1608CD2F000F17DE /* CDataScanner_Extensions.m in Sources */ = {isa = PBXBuildFile; fileRef = 8A9188E71608CD2F000F17DE /* CDataScanner_Extensions.m */; };
		8A9189001608CD2F000F17DE /* NSDictionary_JSONExtensions.h in Headers */ = {isa = PBXBuildFile; fileRef = 8A9188E81608CD2F000F17DE /* NSDictionary_JSONExtensions.h */; };
		8A9189011608CD2F000F17DE /* NSDictionary_JSONExtensions.m in Sources */ = {isa = PBXBuildFile; fileRef = 8A9188E91608CD2F000F17DE /* NSDictionary_JSONExtensions.m */; };
		8A9189021608CD2F000F17DE /* CJSONDeserializer.h in Headers */ = {isa = PBXBuildFile; fileRef = 8A9188EB1608CD2F000F17DE /* CJSONDeserializer.h */; };
		8A9189031608CD2F000F17DE /* CJSONDeserializer.m in Sources */ = {isa = PBXBuildFile; fileRef = 8A9188EC1608CD2F000F17DE /* CJSONDeserializer.m */; };
		8A9189041608CD2F000F17DE /* CJSONScanner.h in Headers */ = {isa = PBXBuildFile; fileRef = 8A9188ED1608CD2F000F17DE /* CJSONScanner.h */; };
		8A9189051608CD2F000F17DE /* CJSONScanner.m in Sources */ = {isa = PBXBuildFile; fileRef = 8A9188EE1608CD2F000F17DE /* CJSONScanner.m */; };
		8A9189061608CD2F000F17DE /* CJSONSerializer.h in Headers */ = {isa = PBXBuildFile; fileRef = 8A9188EF1608CD2F000F17DE /* CJSONSerializer.h */; };
		8A9189071608CD2F000F17DE /* CJSONSerializer.m in Sources */ = {isa = PBXBuildFile; fileRef = 8A9188F01608CD2F000F17DE /* CJSONSerializer.m */; };
		8A9189081608CD2F000F17DE /* JSONRepresentation.h in Headers */ = {isa = PBXBuildFile; fileRef = 8A9188F11608CD2F000F17DE /* JSONRepresentation.h */; };
		8A91894C1608CD3B000F17DE /* MPAdManager+MPAdViewFriend.h in Headers */ = {isa = PBXBuildFile; fileRef = 8A91890B1608CD3B000F17DE /* MPAdManager+MPAdViewFriend.h */; };
		8A91894D1608CD3B000F17DE /* MPAdManager+MPInterstitialAdControllerFriend.h in Headers */ = {isa = PBXBuildFile; fileRef = 8A91890C1608CD3B000F17DE /* MPAdManager+MPInterstitialAdControllerFriend.h */; };
		8A91894E1608CD3B000F17DE /* MPAdView+MPAdManagerFriend.h in Headers */ = {isa = PBXBuildFile; fileRef = 8A91890D1608CD3B000F17DE /* MPAdView+MPAdManagerFriend.h */; };
		8A91894F1608CD3B000F17DE /* MPAdView+MPInterstitialAdControllerFriend.h in Headers */ = {isa = PBXBuildFile; fileRef = 8A91890E1608CD3B000F17DE /* MPAdView+MPInterstitialAdControllerFriend.h */; };
		8A9189501608CD3B000F17DE /* MPInterstitialAdController+MPCustomEventAdapterFriend.h in Headers */ = {isa = PBXBuildFile; fileRef = 8A91890F1608CD3B000F17DE /* MPInterstitialAdController+MPCustomEventAdapterFriend.h */; };
		8A9189511608CD3B000F17DE /* MPAdapterMap.h in Headers */ = {isa = PBXBuildFile; fileRef = 8A9189101608CD3B000F17DE /* MPAdapterMap.h */; };
		8A9189521608CD3B000F17DE /* MPAdapterMap.m in Sources */ = {isa = PBXBuildFile; fileRef = 8A9189111608CD3B000F17DE /* MPAdapterMap.m */; };
		8A9189531608CD3B000F17DE /* MPAdBrowserController.h in Headers */ = {isa = PBXBuildFile; fileRef = 8A9189121608CD3B000F17DE /* MPAdBrowserController.h */; };
		8A9189541608CD3B000F17DE /* MPAdBrowserController.m in Sources */ = {isa = PBXBuildFile; fileRef = 8A9189131608CD3B000F17DE /* MPAdBrowserController.m */; };
		8A9189551608CD3B000F17DE /* MPAdConversionTracker.h in Headers */ = {isa = PBXBuildFile; fileRef = 8A9189151608CD3B000F17DE /* MPAdConversionTracker.h */; };
		8A9189561608CD3B000F17DE /* MPAdConversionTracker.m in Sources */ = {isa = PBXBuildFile; fileRef = 8A9189161608CD3B000F17DE /* MPAdConversionTracker.m */; };
		8A9189571608CD3B000F17DE /* MPAdManager.h in Headers */ = {isa = PBXBuildFile; fileRef = 8A9189171608CD3B000F17DE /* MPAdManager.h */; };
		8A9189581608CD3B000F17DE /* MPAdManager.m in Sources */ = {isa = PBXBuildFile; fileRef = 8A9189181608CD3B000F17DE /* MPAdManager.m */; };
		8A9189591608CD3B000F17DE /* MPAdView.h in Headers */ = {isa = PBXBuildFile; fileRef = 8A9189191608CD3B000F17DE /* MPAdView.h */; };
		8A91895A1608CD3B000F17DE /* MPAdView.m in Sources */ = {isa = PBXBuildFile; fileRef = 8A91891A1608CD3B000F17DE /* MPAdView.m */; };
		8A91895B1608CD3B000F17DE /* MPBaseAdapter.h in Headers */ = {isa = PBXBuildFile; fileRef = 8A91891B1608CD3B000F17DE /* MPBaseAdapter.h */; };
		8A91895C1608CD3B000F17DE /* MPBaseAdapter.m in Sources */ = {isa = PBXBuildFile; fileRef = 8A91891C1608CD3B000F17DE /* MPBaseAdapter.m */; };
		8A91895D1608CD3B000F17DE /* MPBaseInterstitialAdapter.h in Headers */ = {isa = PBXBuildFile; fileRef = 8A91891D1608CD3B000F17DE /* MPBaseInterstitialAdapter.h */; };
		8A91895E1608CD3B000F17DE /* MPBaseInterstitialAdapter.m in Sources */ = {isa = PBXBuildFile; fileRef = 8A91891E1608CD3B000F17DE /* MPBaseInterstitialAdapter.m */; };
		8A91895F1608CD3B000F17DE /* MPConstants.h in Headers */ = {isa = PBXBuildFile; fileRef = 8A9189211608CD3B000F17DE /* MPConstants.h */; };
		8A9189601608CD3B000F17DE /* MPCustomEventAdapter.h in Headers */ = {isa = PBXBuildFile; fileRef = 8A9189221608CD3B000F17DE /* MPCustomEventAdapter.h */; };
		8A9189611608CD3B000F17DE /* MPCustomEventAdapter.m in Sources */ = {isa = PBXBuildFile; fileRef = 8A9189231608CD3B000F17DE /* MPCustomEventAdapter.m */; };
		8A9189621608CD3B000F17DE /* MPGlobal.h in Headers */ = {isa = PBXBuildFile; fileRef = 8A9189241608CD3B000F17DE /* MPGlobal.h */; };
		8A9189631608CD3B000F17DE /* MPGlobal.m in Sources */ = {isa = PBXBuildFile; fileRef = 8A9189251608CD3B000F17DE /* MPGlobal.m */; };
		8A9189641608CD3B000F17DE /* MPInterstitialAdapter.h in Headers */ = {isa = PBXBuildFile; fileRef = 8A9189261608CD3B000F17DE /* MPInterstitialAdapter.h */; };
		8A9189651608CD3B000F17DE /* MPInterstitialAdapter.m in Sources */ = {isa = PBXBuildFile; fileRef = 8A9189271608CD3B000F17DE /* MPInterstitialAdapter.m */; };
		8A9189661608CD3B000F17DE /* MPInterstitialAdController.h in Headers */ = {isa = PBXBuildFile; fileRef = 8A9189281608CD3B000F17DE /* MPInterstitialAdController.h */; };
		8A9189671608CD3B000F17DE /* MPInterstitialAdController.m in Sources */ = {isa = PBXBuildFile; fileRef = 8A9189291608CD3B000F17DE /* MPInterstitialAdController.m */; };
		8A9189681608CD3B000F17DE /* MPLogging.h in Headers */ = {isa = PBXBuildFile; fileRef = 8A91892A1608CD3B000F17DE /* MPLogging.h */; };
		8A9189691608CD3B000F17DE /* MPLogging.m in Sources */ = {isa = PBXBuildFile; fileRef = 8A91892B1608CD3B000F17DE /* MPLogging.m */; };
		8A91896A1608CD3B000F17DE /* MPMraidAdapter.h in Headers */ = {isa = PBXBuildFile; fileRef = 8A91892C1608CD3B000F17DE /* MPMraidAdapter.h */; };
		8A91896B1608CD3C000F17DE /* MPMraidAdapter.m in Sources */ = {isa = PBXBuildFile; fileRef = 8A91892D1608CD3B000F17DE /* MPMraidAdapter.m */; };
		8A91896C1608CD3C000F17DE /* MPMraidInterstitialAdapter.h in Headers */ = {isa = PBXBuildFile; fileRef = 8A91892E1608CD3B000F17DE /* MPMraidInterstitialAdapter.h */; };
		8A91896D1608CD3C000F17DE /* MPMraidInterstitialAdapter.m in Sources */ = {isa = PBXBuildFile; fileRef = 8A91892F1608CD3B000F17DE /* MPMraidInterstitialAdapter.m */; };
		8A91896E1608CD3C000F17DE /* MPProgressOverlayView.h in Headers */ = {isa = PBXBuildFile; fileRef = 8A9189301608CD3B000F17DE /* MPProgressOverlayView.h */; };
		8A91896F1608CD3C000F17DE /* MPProgressOverlayView.m in Sources */ = {isa = PBXBuildFile; fileRef = 8A9189311608CD3B000F17DE /* MPProgressOverlayView.m */; };
		8A9189701608CD3C000F17DE /* MPStore.h in Headers */ = {isa = PBXBuildFile; fileRef = 8A9189321608CD3B000F17DE /* MPStore.h */; };
		8A9189711608CD3C000F17DE /* MPStore.m in Sources */ = {isa = PBXBuildFile; fileRef = 8A9189331608CD3B000F17DE /* MPStore.m */; };
		8A9189721608CD3C000F17DE /* MPTimer.h in Headers */ = {isa = PBXBuildFile; fileRef = 8A9189341608CD3B000F17DE /* MPTimer.h */; };
		8A9189731608CD3C000F17DE /* MPTimer.m in Sources */ = {isa = PBXBuildFile; fileRef = 8A9189351608CD3B000F17DE /* MPTimer.m */; };
		8A9189741608CD3C000F17DE /* MRAdView+Controllers.h in Headers */ = {isa = PBXBuildFile; fileRef = 8A9189381608CD3B000F17DE /* MRAdView+Controllers.h */; };
		8A9189751608CD3C000F17DE /* MRAdView.h in Headers */ = {isa = PBXBuildFile; fileRef = 8A9189391608CD3B000F17DE /* MRAdView.h */; };
		8A9189761608CD3C000F17DE /* MRAdView.m in Sources */ = {isa = PBXBuildFile; fileRef = 8A91893A1608CD3B000F17DE /* MRAdView.m */; };
		8A9189771608CD3C000F17DE /* MRAdViewBrowsingController.h in Headers */ = {isa = PBXBuildFile; fileRef = 8A91893B1608CD3B000F17DE /* MRAdViewBrowsingController.h */; };
		8A9189781608CD3C000F17DE /* MRAdViewBrowsingController.m in Sources */ = {isa = PBXBuildFile; fileRef = 8A91893C1608CD3B000F17DE /* MRAdViewBrowsingController.m */; };
		8A9189791608CD3C000F17DE /* MRAdViewDisplayController.h in Headers */ = {isa = PBXBuildFile; fileRef = 8A91893D1608CD3B000F17DE /* MRAdViewDisplayController.h */; };
		8A91897A1608CD3C000F17DE /* MRAdViewDisplayController.m in Sources */ = {isa = PBXBuildFile; fileRef = 8A91893E1608CD3B000F17DE /* MRAdViewDisplayController.m */; };
		8A91897B1608CD3C000F17DE /* MRCommand.h in Headers */ = {isa = PBXBuildFile; fileRef = 8A91893F1608CD3B000F17DE /* MRCommand.h */; };
		8A91897C1608CD3C000F17DE /* MRCommand.m in Sources */ = {isa = PBXBuildFile; fileRef = 8A9189401608CD3B000F17DE /* MRCommand.m */; };
		8A91897D1608CD3C000F17DE /* MRDimmingView.h in Headers */ = {isa = PBXBuildFile; fileRef = 8A9189411608CD3B000F17DE /* MRDimmingView.h */; };
		8A91897E1608CD3C000F17DE /* MRDimmingView.m in Sources */ = {isa = PBXBuildFile; fileRef = 8A9189421608CD3B000F17DE /* MRDimmingView.m */; };
		8A91897F1608CD3C000F17DE /* MRProperty.h in Headers */ = {isa = PBXBuildFile; fileRef = 8A9189431608CD3B000F17DE /* MRProperty.h */; };
		8A9189801608CD3C000F17DE /* MRProperty.m in Sources */ = {isa = PBXBuildFile; fileRef = 8A9189441608CD3B000F17DE /* MRProperty.m */; };
		8A9189811608CD3C000F17DE /* OpenUDID.h in Headers */ = {isa = PBXBuildFile; fileRef = 8A9189471608CD3B000F17DE /* OpenUDID.h */; };
		8A9189821608CD3C000F17DE /* OpenUDID.m in Sources */ = {isa = PBXBuildFile; fileRef = 8A9189481608CD3B000F17DE /* OpenUDID.m */; };
		8A9189831608CD3C000F17DE /* UIWebView+MPAdditions.h in Headers */ = {isa = PBXBuildFile; fileRef = 8A91894A1608CD3B000F17DE /* UIWebView+MPAdditions.h */; };
		8A9189841608CD3C000F17DE /* UIWebView+MPAdditions.m in Sources */ = {isa = PBXBuildFile; fileRef = 8A91894B1608CD3B000F17DE /* UIWebView+MPAdditions.m */; };
		8A9189AC1608CD5D000F17DE /* MPGoogleAdMobAdapter.h in Headers */ = {isa = PBXBuildFile; fileRef = 8A91899E1608CD5D000F17DE /* MPGoogleAdMobAdapter.h */; };
		8A9189AD1608CD5D000F17DE /* MPGoogleAdMobAdapter.m in Sources */ = {isa = PBXBuildFile; fileRef = 8A91899F1608CD5D000F17DE /* MPGoogleAdMobAdapter.m */; };
		8A9189AE1608CD5D000F17DE /* MPGoogleAdMobInterstitialAdapter.h in Headers */ = {isa = PBXBuildFile; fileRef = 8A9189A01608CD5D000F17DE /* MPGoogleAdMobInterstitialAdapter.h */; };
		8A9189AF1608CD5D000F17DE /* MPGoogleAdMobInterstitialAdapter.m in Sources */ = {isa = PBXBuildFile; fileRef = 8A9189A11608CD5D000F17DE /* MPGoogleAdMobInterstitialAdapter.m */; };
		8A9189B21608CD5D000F17DE /* MPIAdAdapter.h in Headers */ = {isa = PBXBuildFile; fileRef = 8A9189A41608CD5D000F17DE /* MPIAdAdapter.h */; };
		8A9189B31608CD5D000F17DE /* MPIAdAdapter.m in Sources */ = {isa = PBXBuildFile; fileRef = 8A9189A51608CD5D000F17DE /* MPIAdAdapter.m */; };
		8A9189B41608CD5D000F17DE /* MPIAdInterstitialAdapter.h in Headers */ = {isa = PBXBuildFile; fileRef = 8A9189A61608CD5D000F17DE /* MPIAdInterstitialAdapter.h */; };
		8A9189B51608CD5D000F17DE /* MPIAdInterstitialAdapter.m in Sources */ = {isa = PBXBuildFile; fileRef = 8A9189A71608CD5D000F17DE /* MPIAdInterstitialAdapter.m */; };
		8A9189B61608CD5D000F17DE /* MPMillennialAdapter.h in Headers */ = {isa = PBXBuildFile; fileRef = 8A9189A81608CD5D000F17DE /* MPMillennialAdapter.h */; };
		8A9189B71608CD5D000F17DE /* MPMillennialAdapter.m in Sources */ = {isa = PBXBuildFile; fileRef = 8A9189A91608CD5D000F17DE /* MPMillennialAdapter.m */; };
		8A9189B81608CD5D000F17DE /* MPMillennialInterstitialAdapter.h in Headers */ = {isa = PBXBuildFile; fileRef = 8A9189AA1608CD5D000F17DE /* MPMillennialInterstitialAdapter.h */; };
		8A9189B91608CD5D000F17DE /* MPMillennialInterstitialAdapter.m in Sources */ = {isa = PBXBuildFile; fileRef = 8A9189AB1608CD5D000F17DE /* MPMillennialInterstitialAdapter.m */; };
		E01859EA15FB1367008F995C /* MopubInstance.m in Sources */ = {isa = PBXBuildFile; fileRef = E01859E815FB1367008F995C /* MopubInstance.m */; };
		E0185A8C15FC69A9008F995C /* iAd.framework in Frameworks */ = {isa = PBXBuildFile; fileRef = E0185A8B15FC69A9008F995C /* iAd.framework */; settings = {ATTRIBUTES = (Weak, ); }; };
		E0185A8E15FC69DD008F995C /* StoreKit.framework in Frameworks */ = {isa = PBXBuildFile; fileRef = E0185A8D15FC69DD008F995C /* StoreKit.framework */; };
		E0185A9015FC6A47008F995C /* MessageUI.framework in Frameworks */ = {isa = PBXBuildFile; fileRef = E0185A8F15FC6A47008F995C /* MessageUI.framework */; };
		E0532DB015FA331A004CB7F5 /* Foundation.framework in Frameworks */ = {isa = PBXBuildFile; fileRef = E0532DAF15FA331A004CB7F5 /* Foundation.framework */; };
		E0532DB215FA331A004CB7F5 /* CoreFoundation.framework in Frameworks */ = {isa = PBXBuildFile; fileRef = E0532DB115FA331A004CB7F5 /* CoreFoundation.framework */; };
		E0532DB415FA331A004CB7F5 /* UIKit.framework in Frameworks */ = {isa = PBXBuildFile; fileRef = E0532DB315FA331A004CB7F5 /* UIKit.framework */; };
		E0532DB615FA331A004CB7F5 /* MobileCoreServices.framework in Frameworks */ = {isa = PBXBuildFile; fileRef = E0532DB515FA331A004CB7F5 /* MobileCoreServices.framework */; };
		E0532DB815FA331A004CB7F5 /* CoreGraphics.framework in Frameworks */ = {isa = PBXBuildFile; fileRef = E0532DB715FA331A004CB7F5 /* CoreGraphics.framework */; };
		E0532DBA15FA331A004CB7F5 /* SystemConfiguration.framework in Frameworks */ = {isa = PBXBuildFile; fileRef = E0532DB915FA331A004CB7F5 /* SystemConfiguration.framework */; };
		E0532DBC15FA331A004CB7F5 /* AudioToolbox.framework in Frameworks */ = {isa = PBXBuildFile; fileRef = E0532DBB15FA331A004CB7F5 /* AudioToolbox.framework */; };
		E0532DBE15FA331A004CB7F5 /* CFNetwork.framework in Frameworks */ = {isa = PBXBuildFile; fileRef = E0532DBD15FA331A004CB7F5 /* CFNetwork.framework */; };
		E0532DC015FA331A004CB7F5 /* QuartzCore.framework in Frameworks */ = {isa = PBXBuildFile; fileRef = E0532DBF15FA331A004CB7F5 /* QuartzCore.framework */; };
		E0532DC215FA331A004CB7F5 /* OpenGLES.framework in Frameworks */ = {isa = PBXBuildFile; fileRef = E0532DC115FA331A004CB7F5 /* OpenGLES.framework */; };
		E0532DC415FA331A004CB7F5 /* CoreLocation.framework in Frameworks */ = {isa = PBXBuildFile; fileRef = E0532DC315FA331A004CB7F5 /* CoreLocation.framework */; };
		E0532DC615FA331A004CB7F5 /* CoreMedia.framework in Frameworks */ = {isa = PBXBuildFile; fileRef = E0532DC515FA331A004CB7F5 /* CoreMedia.framework */; };
		E0532DC815FA331A004CB7F5 /* CoreVideo.framework in Frameworks */ = {isa = PBXBuildFile; fileRef = E0532DC715FA331A004CB7F5 /* CoreVideo.framework */; };
		E0532DCA15FA331A004CB7F5 /* AVFoundation.framework in Frameworks */ = {isa = PBXBuildFile; fileRef = E0532DC915FA331A004CB7F5 /* AVFoundation.framework */; };
		E0532DCC15FA331A004CB7F5 /* Security.framework in Frameworks */ = {isa = PBXBuildFile; fileRef = E0532DCB15FA331A004CB7F5 /* Security.framework */; };
		E0532DDD15FA331A004CB7F5 /* Mopub.m in Sources */ = {isa = PBXBuildFile; fileRef = E0532DDC15FA331A004CB7F5 /* Mopub.m */; };
		E0FA873F1607F46600795F82 /* MediaPlayer.framework in Frameworks */ = {isa = PBXBuildFile; fileRef = E0FA873E1607F46600795F82 /* MediaPlayer.framework */; };
/* End PBXBuildFile section */

/* Begin PBXContainerItemProxy section */
		E0532DD415FA331A004CB7F5 /* PBXContainerItemProxy */ = {
			isa = PBXContainerItemProxy;
			containerPortal = E0532DA315FA3319004CB7F5 /* Project object */;
			proxyType = 1;
			remoteGlobalIDString = E0532DAB15FA3319004CB7F5;
			remoteInfo = Mopub;
		};
		E0532DD615FA331A004CB7F5 /* PBXContainerItemProxy */ = {
			isa = PBXContainerItemProxy;
			containerPortal = E0532DA315FA3319004CB7F5 /* Project object */;
			proxyType = 1;
			remoteGlobalIDString = E0532DCE15FA331A004CB7F5;
			remoteInfo = Mopub.ane;
		};
/* End PBXContainerItemProxy section */

/* Begin PBXFileReference section */
		8A9188331608CC99000F17DE /* FlashRuntimeExtensions.h */ = {isa = PBXFileReference; fileEncoding = 4; lastKnownFileType = sourcecode.c.h; name = FlashRuntimeExtensions.h; path = ../../../../../../AdobeAIRSDK/include/FlashRuntimeExtensions.h; sourceTree = "<group>"; };
		8A9188391608CCEB000F17DE /* DFPBannerView.h */ = {isa = PBXFileReference; fileEncoding = 4; lastKnownFileType = sourcecode.c.h; path = DFPBannerView.h; sourceTree = "<group>"; };
		8A91883A1608CCEB000F17DE /* DFPExtras.h */ = {isa = PBXFileReference; fileEncoding = 4; lastKnownFileType = sourcecode.c.h; path = DFPExtras.h; sourceTree = "<group>"; };
		8A91883B1608CCEB000F17DE /* DFPInterstitial.h */ = {isa = PBXFileReference; fileEncoding = 4; lastKnownFileType = sourcecode.c.h; path = DFPInterstitial.h; sourceTree = "<group>"; };
		8A91883C1608CCEB000F17DE /* GADAdSizeDelegate.h */ = {isa = PBXFileReference; fileEncoding = 4; lastKnownFileType = sourcecode.c.h; path = GADAdSizeDelegate.h; sourceTree = "<group>"; };
		8A91883D1608CCEB000F17DE /* GADAppEventDelegate.h */ = {isa = PBXFileReference; fileEncoding = 4; lastKnownFileType = sourcecode.c.h; path = GADAppEventDelegate.h; sourceTree = "<group>"; };
		8A91883F1608CCEB000F17DE /* Changelog.txt */ = {isa = PBXFileReference; fileEncoding = 4; lastKnownFileType = text; path = Changelog.txt; sourceTree = "<group>"; };
		8A9188421608CCEB000F17DE /* GAI.html */ = {isa = PBXFileReference; fileEncoding = 4; lastKnownFileType = text.html.documentation; path = GAI.html; sourceTree = "<group>"; };
		8A9188431608CCEB000F17DE /* GAITrackedViewController.html */ = {isa = PBXFileReference; fileEncoding = 4; lastKnownFileType = text.html.documentation; path = GAITrackedViewController.html; sourceTree = "<group>"; };
		8A9188441608CCEB000F17DE /* GAITransaction.html */ = {isa = PBXFileReference; fileEncoding = 4; lastKnownFileType = text.html.documentation; path = GAITransaction.html; sourceTree = "<group>"; };
		8A9188451608CCEB000F17DE /* GAITransactionItem.html */ = {isa = PBXFileReference; fileEncoding = 4; lastKnownFileType = text.html.documentation; path = GAITransactionItem.html; sourceTree = "<group>"; };
		8A9188471608CCEB000F17DE /* styles.css */ = {isa = PBXFileReference; fileEncoding = 4; lastKnownFileType = text.css; path = styles.css; sourceTree = "<group>"; };
		8A9188481608CCEB000F17DE /* stylesPrint.css */ = {isa = PBXFileReference; fileEncoding = 4; lastKnownFileType = text.css; path = stylesPrint.css; sourceTree = "<group>"; };
		8A9188491608CCEB000F17DE /* hierarchy.html */ = {isa = PBXFileReference; fileEncoding = 4; lastKnownFileType = text.html.documentation; path = hierarchy.html; sourceTree = "<group>"; };
		8A91884B1608CCEB000F17DE /* button_bar_background.png */ = {isa = PBXFileReference; lastKnownFileType = image.png; path = button_bar_background.png; sourceTree = "<group>"; };
		8A91884C1608CCEB000F17DE /* disclosure.png */ = {isa = PBXFileReference; lastKnownFileType = image.png; path = disclosure.png; sourceTree = "<group>"; };
		8A91884D1608CCEB000F17DE /* disclosure_open.png */ = {isa = PBXFileReference; lastKnownFileType = image.png; path = disclosure_open.png; sourceTree = "<group>"; };
		8A91884E1608CCEB000F17DE /* library_background.png */ = {isa = PBXFileReference; lastKnownFileType = image.png; path = library_background.png; sourceTree = "<group>"; };
		8A91884F1608CCEB000F17DE /* title_background.png */ = {isa = PBXFileReference; lastKnownFileType = image.png; path = title_background.png; sourceTree = "<group>"; };
		8A9188501608CCEB000F17DE /* index.html */ = {isa = PBXFileReference; fileEncoding = 4; lastKnownFileType = text.html.documentation; path = index.html; sourceTree = "<group>"; };
		8A9188521608CCEB000F17DE /* GAITracker.html */ = {isa = PBXFileReference; fileEncoding = 4; lastKnownFileType = text.html.documentation; path = GAITracker.html; sourceTree = "<group>"; };
		8A9188861608CCEB000F17DE /* GAI.h */ = {isa = PBXFileReference; fileEncoding = 4; lastKnownFileType = sourcecode.c.h; path = GAI.h; sourceTree = "<group>"; };
		8A9188871608CCEB000F17DE /* GAITrackedViewController.h */ = {isa = PBXFileReference; fileEncoding = 4; lastKnownFileType = sourcecode.c.h; path = GAITrackedViewController.h; sourceTree = "<group>"; };
		8A9188881608CCEB000F17DE /* GAITracker.h */ = {isa = PBXFileReference; fileEncoding = 4; lastKnownFileType = sourcecode.c.h; path = GAITracker.h; sourceTree = "<group>"; };
		8A9188891608CCEB000F17DE /* GAITransaction.h */ = {isa = PBXFileReference; fileEncoding = 4; lastKnownFileType = sourcecode.c.h; path = GAITransaction.h; sourceTree = "<group>"; };
		8A91888A1608CCEB000F17DE /* GAITransactionItem.h */ = {isa = PBXFileReference; fileEncoding = 4; lastKnownFileType = sourcecode.c.h; path = GAITransactionItem.h; sourceTree = "<group>"; };
		8A91888B1608CCEB000F17DE /* libGoogleAnalytics.a */ = {isa = PBXFileReference; lastKnownFileType = archive.ar; path = libGoogleAnalytics.a; sourceTree = "<group>"; };
		8A91888C1608CCEB000F17DE /* libGoogleAnalytics_debug.a */ = {isa = PBXFileReference; lastKnownFileType = archive.ar; path = libGoogleAnalytics_debug.a; sourceTree = "<group>"; };
		8A91888D1608CCEB000F17DE /* Readme.txt */ = {isa = PBXFileReference; fileEncoding = 4; lastKnownFileType = text; path = Readme.txt; sourceTree = "<group>"; };
		8A91888F1608CCEB000F17DE /* GADCustomEventBanner.h */ = {isa = PBXFileReference; fileEncoding = 4; lastKnownFileType = sourcecode.c.h; path = GADCustomEventBanner.h; sourceTree = "<group>"; };
		8A9188901608CCEB000F17DE /* GADCustomEventBannerDelegate.h */ = {isa = PBXFileReference; fileEncoding = 4; lastKnownFileType = sourcecode.c.h; path = GADCustomEventBannerDelegate.h; sourceTree = "<group>"; };
		8A9188911608CCEB000F17DE /* GADCustomEventExtras.h */ = {isa = PBXFileReference; fileEncoding = 4; lastKnownFileType = sourcecode.c.h; path = GADCustomEventExtras.h; sourceTree = "<group>"; };
		8A9188921608CCEB000F17DE /* GADCustomEventInterstitial.h */ = {isa = PBXFileReference; fileEncoding = 4; lastKnownFileType = sourcecode.c.h; path = GADCustomEventInterstitial.h; sourceTree = "<group>"; };
		8A9188931608CCEB000F17DE /* GADCustomEventInterstitialDelegate.h */ = {isa = PBXFileReference; fileEncoding = 4; lastKnownFileType = sourcecode.c.h; path = GADCustomEventInterstitialDelegate.h; sourceTree = "<group>"; };
		8A9188941608CCEB000F17DE /* GADCustomEventRequest.h */ = {isa = PBXFileReference; fileEncoding = 4; lastKnownFileType = sourcecode.c.h; path = GADCustomEventRequest.h; sourceTree = "<group>"; };
		8A9188961608CCEB000F17DE /* GADSearchBannerView.h */ = {isa = PBXFileReference; fileEncoding = 4; lastKnownFileType = sourcecode.c.h; path = GADSearchBannerView.h; sourceTree = "<group>"; };
		8A9188971608CCEB000F17DE /* GADSearchRequest.h */ = {isa = PBXFileReference; fileEncoding = 4; lastKnownFileType = sourcecode.c.h; path = GADSearchRequest.h; sourceTree = "<group>"; };
		8A9188981608CCEB000F17DE /* GADAdMobExtras.h */ = {isa = PBXFileReference; fileEncoding = 4; lastKnownFileType = sourcecode.c.h; path = GADAdMobExtras.h; sourceTree = "<group>"; };
		8A9188991608CCEB000F17DE /* GADAdNetworkExtras.h */ = {isa = PBXFileReference; fileEncoding = 4; lastKnownFileType = sourcecode.c.h; path = GADAdNetworkExtras.h; sourceTree = "<group>"; };
		8A91889A1608CCEB000F17DE /* GADAdSize.h */ = {isa = PBXFileReference; fileEncoding = 4; lastKnownFileType = sourcecode.c.h; path = GADAdSize.h; sourceTree = "<group>"; };
		8A91889B1608CCEB000F17DE /* GADBannerView.h */ = {isa = PBXFileReference; fileEncoding = 4; lastKnownFileType = sourcecode.c.h; path = GADBannerView.h; sourceTree = "<group>"; };
		8A91889C1608CCEB000F17DE /* GADBannerViewDelegate.h */ = {isa = PBXFileReference; fileEncoding = 4; lastKnownFileType = sourcecode.c.h; path = GADBannerViewDelegate.h; sourceTree = "<group>"; };
		8A91889D1608CCEB000F17DE /* GADInterstitial.h */ = {isa = PBXFileReference; fileEncoding = 4; lastKnownFileType = sourcecode.c.h; path = GADInterstitial.h; sourceTree = "<group>"; };
		8A91889E1608CCEB000F17DE /* GADInterstitialDelegate.h */ = {isa = PBXFileReference; fileEncoding = 4; lastKnownFileType = sourcecode.c.h; path = GADInterstitialDelegate.h; sourceTree = "<group>"; };
		8A91889F1608CCEB000F17DE /* GADRequest.h */ = {isa = PBXFileReference; fileEncoding = 4; lastKnownFileType = sourcecode.c.h; path = GADRequest.h; sourceTree = "<group>"; };
		8A9188A01608CCEB000F17DE /* GADRequestError.h */ = {isa = PBXFileReference; fileEncoding = 4; lastKnownFileType = sourcecode.c.h; path = GADRequestError.h; sourceTree = "<group>"; };
		8A9188A11608CCEB000F17DE /* libGoogleAdMobAds.a */ = {isa = PBXFileReference; lastKnownFileType = archive.ar; path = libGoogleAdMobAds.a; sourceTree = "<group>"; };
		8A9188A21608CCEB000F17DE /* README.txt */ = {isa = PBXFileReference; fileEncoding = 4; lastKnownFileType = text; path = README.txt; sourceTree = "<group>"; };
		8A9188D51608CD20000F17DE /* libMMSDK_4.6.0.a */ = {isa = PBXFileReference; lastKnownFileType = archive.ar; path = libMMSDK_4.6.0.a; sourceTree = "<group>"; };
		8A9188D61608CD20000F17DE /* MMAdView.h */ = {isa = PBXFileReference; fileEncoding = 4; lastKnownFileType = sourcecode.c.h; path = MMAdView.h; sourceTree = "<group>"; };
		8A9188DA1608CD2F000F17DE /* CDataScanner.h */ = {isa = PBXFileReference; fileEncoding = 4; lastKnownFileType = sourcecode.c.h; path = CDataScanner.h; sourceTree = "<group>"; };
		8A9188DB1608CD2F000F17DE /* CDataScanner.m */ = {isa = PBXFileReference; fileEncoding = 4; lastKnownFileType = sourcecode.c.objc; path = CDataScanner.m; sourceTree = "<group>"; };
		8A9188DD1608CD2F000F17DE /* CFilteringJSONSerializer.h */ = {isa = PBXFileReference; fileEncoding = 4; lastKnownFileType = sourcecode.c.h; path = CFilteringJSONSerializer.h; sourceTree = "<group>"; };
		8A9188DE1608CD2F000F17DE /* CFilteringJSONSerializer.m */ = {isa = PBXFileReference; fileEncoding = 4; lastKnownFileType = sourcecode.c.objc; path = CFilteringJSONSerializer.m; sourceTree = "<group>"; };
		8A9188DF1608CD2F000F17DE /* CJSONDeserializer_BlocksExtensions.h */ = {isa = PBXFileReference; fileEncoding = 4; lastKnownFileType = sourcecode.c.h; path = CJSONDeserializer_BlocksExtensions.h; sourceTree = "<group>"; };
		8A9188E01608CD2F000F17DE /* CJSONDeserializer_BlocksExtensions.m */ = {isa = PBXFileReference; fileEncoding = 4; lastKnownFileType = sourcecode.c.objc; path = CJSONDeserializer_BlocksExtensions.m; sourceTree = "<group>"; };
		8A9188E11608CD2F000F17DE /* CJSONSerialization.h */ = {isa = PBXFileReference; fileEncoding = 4; lastKnownFileType = sourcecode.c.h; path = CJSONSerialization.h; sourceTree = "<group>"; };
		8A9188E21608CD2F000F17DE /* CJSONSerialization.m */ = {isa = PBXFileReference; fileEncoding = 4; lastKnownFileType = sourcecode.c.objc; path = CJSONSerialization.m; sourceTree = "<group>"; };
		8A9188E31608CD2F000F17DE /* CJSONSerializedData.h */ = {isa = PBXFileReference; fileEncoding = 4; lastKnownFileType = sourcecode.c.h; path = CJSONSerializedData.h; sourceTree = "<group>"; };
		8A9188E41608CD2F000F17DE /* CJSONSerializedData.m */ = {isa = PBXFileReference; fileEncoding = 4; lastKnownFileType = sourcecode.c.objc; path = CJSONSerializedData.m; sourceTree = "<group>"; };
		8A9188E61608CD2F000F17DE /* CDataScanner_Extensions.h */ = {isa = PBXFileReference; fileEncoding = 4; lastKnownFileType = sourcecode.c.h; path = CDataScanner_Extensions.h; sourceTree = "<group>"; };
		8A9188E71608CD2F000F17DE /* CDataScanner_Extensions.m */ = {isa = PBXFileReference; fileEncoding = 4; lastKnownFileType = sourcecode.c.objc; path = CDataScanner_Extensions.m; sourceTree = "<group>"; };
		8A9188E81608CD2F000F17DE /* NSDictionary_JSONExtensions.h */ = {isa = PBXFileReference; fileEncoding = 4; lastKnownFileType = sourcecode.c.h; path = NSDictionary_JSONExtensions.h; sourceTree = "<group>"; };
		8A9188E91608CD2F000F17DE /* NSDictionary_JSONExtensions.m */ = {isa = PBXFileReference; fileEncoding = 4; lastKnownFileType = sourcecode.c.objc; path = NSDictionary_JSONExtensions.m; sourceTree = "<group>"; };
		8A9188EB1608CD2F000F17DE /* CJSONDeserializer.h */ = {isa = PBXFileReference; fileEncoding = 4; lastKnownFileType = sourcecode.c.h; path = CJSONDeserializer.h; sourceTree = "<group>"; };
		8A9188EC1608CD2F000F17DE /* CJSONDeserializer.m */ = {isa = PBXFileReference; fileEncoding = 4; lastKnownFileType = sourcecode.c.objc; path = CJSONDeserializer.m; sourceTree = "<group>"; };
		8A9188ED1608CD2F000F17DE /* CJSONScanner.h */ = {isa = PBXFileReference; fileEncoding = 4; lastKnownFileType = sourcecode.c.h; path = CJSONScanner.h; sourceTree = "<group>"; };
		8A9188EE1608CD2F000F17DE /* CJSONScanner.m */ = {isa = PBXFileReference; fileEncoding = 4; lastKnownFileType = sourcecode.c.objc; path = CJSONScanner.m; sourceTree = "<group>"; };
		8A9188EF1608CD2F000F17DE /* CJSONSerializer.h */ = {isa = PBXFileReference; fileEncoding = 4; lastKnownFileType = sourcecode.c.h; path = CJSONSerializer.h; sourceTree = "<group>"; };
		8A9188F01608CD2F000F17DE /* CJSONSerializer.m */ = {isa = PBXFileReference; fileEncoding = 4; lastKnownFileType = sourcecode.c.objc; path = CJSONSerializer.m; sourceTree = "<group>"; };
		8A9188F11608CD2F000F17DE /* JSONRepresentation.h */ = {isa = PBXFileReference; fileEncoding = 4; lastKnownFileType = sourcecode.c.h; path = JSONRepresentation.h; sourceTree = "<group>"; };
		8A9188F21608CD2F000F17DE /* LICENSE.txt */ = {isa = PBXFileReference; fileEncoding = 4; lastKnownFileType = text; path = LICENSE.txt; sourceTree = "<group>"; };
		8A9188F31608CD2F000F17DE /* README.markdown */ = {isa = PBXFileReference; fileEncoding = 4; lastKnownFileType = text; path = README.markdown; sourceTree = "<group>"; };
		8A91890B1608CD3B000F17DE /* MPAdManager+MPAdViewFriend.h */ = {isa = PBXFileReference; fileEncoding = 4; lastKnownFileType = sourcecode.c.h; path = "MPAdManager+MPAdViewFriend.h"; sourceTree = "<group>"; };
		8A91890C1608CD3B000F17DE /* MPAdManager+MPInterstitialAdControllerFriend.h */ = {isa = PBXFileReference; fileEncoding = 4; lastKnownFileType = sourcecode.c.h; path = "MPAdManager+MPInterstitialAdControllerFriend.h"; sourceTree = "<group>"; };
		8A91890D1608CD3B000F17DE /* MPAdView+MPAdManagerFriend.h */ = {isa = PBXFileReference; fileEncoding = 4; lastKnownFileType = sourcecode.c.h; path = "MPAdView+MPAdManagerFriend.h"; sourceTree = "<group>"; };
		8A91890E1608CD3B000F17DE /* MPAdView+MPInterstitialAdControllerFriend.h */ = {isa = PBXFileReference; fileEncoding = 4; lastKnownFileType = sourcecode.c.h; path = "MPAdView+MPInterstitialAdControllerFriend.h"; sourceTree = "<group>"; };
		8A91890F1608CD3B000F17DE /* MPInterstitialAdController+MPCustomEventAdapterFriend.h */ = {isa = PBXFileReference; fileEncoding = 4; lastKnownFileType = sourcecode.c.h; path = "MPInterstitialAdController+MPCustomEventAdapterFriend.h"; sourceTree = "<group>"; };
		8A9189101608CD3B000F17DE /* MPAdapterMap.h */ = {isa = PBXFileReference; fileEncoding = 4; lastKnownFileType = sourcecode.c.h; path = MPAdapterMap.h; sourceTree = "<group>"; };
		8A9189111608CD3B000F17DE /* MPAdapterMap.m */ = {isa = PBXFileReference; fileEncoding = 4; lastKnownFileType = sourcecode.c.objc; path = MPAdapterMap.m; sourceTree = "<group>"; };
		8A9189121608CD3B000F17DE /* MPAdBrowserController.h */ = {isa = PBXFileReference; fileEncoding = 4; lastKnownFileType = sourcecode.c.h; path = MPAdBrowserController.h; sourceTree = "<group>"; };
		8A9189131608CD3B000F17DE /* MPAdBrowserController.m */ = {isa = PBXFileReference; fileEncoding = 4; lastKnownFileType = sourcecode.c.objc; path = MPAdBrowserController.m; sourceTree = "<group>"; };
		8A9189141608CD3B000F17DE /* MPAdBrowserController.xib */ = {isa = PBXFileReference; fileEncoding = 4; lastKnownFileType = file.xib; path = MPAdBrowserController.xib; sourceTree = "<group>"; };
		8A9189151608CD3B000F17DE /* MPAdConversionTracker.h */ = {isa = PBXFileReference; fileEncoding = 4; lastKnownFileType = sourcecode.c.h; path = MPAdConversionTracker.h; sourceTree = "<group>"; };
		8A9189161608CD3B000F17DE /* MPAdConversionTracker.m */ = {isa = PBXFileReference; fileEncoding = 4; lastKnownFileType = sourcecode.c.objc; path = MPAdConversionTracker.m; sourceTree = "<group>"; };
		8A9189171608CD3B000F17DE /* MPAdManager.h */ = {isa = PBXFileReference; fileEncoding = 4; lastKnownFileType = sourcecode.c.h; path = MPAdManager.h; sourceTree = "<group>"; };
		8A9189181608CD3B000F17DE /* MPAdManager.m */ = {isa = PBXFileReference; fileEncoding = 4; lastKnownFileType = sourcecode.c.objc; path = MPAdManager.m; sourceTree = "<group>"; };
		8A9189191608CD3B000F17DE /* MPAdView.h */ = {isa = PBXFileReference; fileEncoding = 4; lastKnownFileType = sourcecode.c.h; path = MPAdView.h; sourceTree = "<group>"; };
		8A91891A1608CD3B000F17DE /* MPAdView.m */ = {isa = PBXFileReference; fileEncoding = 4; lastKnownFileType = sourcecode.c.objc; path = MPAdView.m; sourceTree = "<group>"; };
		8A91891B1608CD3B000F17DE /* MPBaseAdapter.h */ = {isa = PBXFileReference; fileEncoding = 4; lastKnownFileType = sourcecode.c.h; path = MPBaseAdapter.h; sourceTree = "<group>"; };
		8A91891C1608CD3B000F17DE /* MPBaseAdapter.m */ = {isa = PBXFileReference; fileEncoding = 4; lastKnownFileType = sourcecode.c.objc; path = MPBaseAdapter.m; sourceTree = "<group>"; };
		8A91891D1608CD3B000F17DE /* MPBaseInterstitialAdapter.h */ = {isa = PBXFileReference; fileEncoding = 4; lastKnownFileType = sourcecode.c.h; path = MPBaseInterstitialAdapter.h; sourceTree = "<group>"; };
		8A91891E1608CD3B000F17DE /* MPBaseInterstitialAdapter.m */ = {isa = PBXFileReference; fileEncoding = 4; lastKnownFileType = sourcecode.c.objc; path = MPBaseInterstitialAdapter.m; sourceTree = "<group>"; };
		8A91891F1608CD3B000F17DE /* MPCloseButtonX.png */ = {isa = PBXFileReference; lastKnownFileType = image.png; path = MPCloseButtonX.png; sourceTree = "<group>"; };
		8A9189201608CD3B000F17DE /* MPCloseButtonX@2x.png */ = {isa = PBXFileReference; lastKnownFileType = image.png; path = "MPCloseButtonX@2x.png"; sourceTree = "<group>"; };
		8A9189211608CD3B000F17DE /* MPConstants.h */ = {isa = PBXFileReference; fileEncoding = 4; lastKnownFileType = sourcecode.c.h; path = MPConstants.h; sourceTree = "<group>"; };
		8A9189221608CD3B000F17DE /* MPCustomEventAdapter.h */ = {isa = PBXFileReference; fileEncoding = 4; lastKnownFileType = sourcecode.c.h; path = MPCustomEventAdapter.h; sourceTree = "<group>"; };
		8A9189231608CD3B000F17DE /* MPCustomEventAdapter.m */ = {isa = PBXFileReference; fileEncoding = 4; lastKnownFileType = sourcecode.c.objc; path = MPCustomEventAdapter.m; sourceTree = "<group>"; };
		8A9189241608CD3B000F17DE /* MPGlobal.h */ = {isa = PBXFileReference; fileEncoding = 4; lastKnownFileType = sourcecode.c.h; path = MPGlobal.h; sourceTree = "<group>"; };
		8A9189251608CD3B000F17DE /* MPGlobal.m */ = {isa = PBXFileReference; fileEncoding = 4; lastKnownFileType = sourcecode.c.objc; path = MPGlobal.m; sourceTree = "<group>"; };
		8A9189261608CD3B000F17DE /* MPInterstitialAdapter.h */ = {isa = PBXFileReference; fileEncoding = 4; lastKnownFileType = sourcecode.c.h; path = MPInterstitialAdapter.h; sourceTree = "<group>"; };
		8A9189271608CD3B000F17DE /* MPInterstitialAdapter.m */ = {isa = PBXFileReference; fileEncoding = 4; lastKnownFileType = sourcecode.c.objc; path = MPInterstitialAdapter.m; sourceTree = "<group>"; };
		8A9189281608CD3B000F17DE /* MPInterstitialAdController.h */ = {isa = PBXFileReference; fileEncoding = 4; lastKnownFileType = sourcecode.c.h; path = MPInterstitialAdController.h; sourceTree = "<group>"; };
		8A9189291608CD3B000F17DE /* MPInterstitialAdController.m */ = {isa = PBXFileReference; fileEncoding = 4; lastKnownFileType = sourcecode.c.objc; path = MPInterstitialAdController.m; sourceTree = "<group>"; };
		8A91892A1608CD3B000F17DE /* MPLogging.h */ = {isa = PBXFileReference; fileEncoding = 4; lastKnownFileType = sourcecode.c.h; path = MPLogging.h; sourceTree = "<group>"; };
		8A91892B1608CD3B000F17DE /* MPLogging.m */ = {isa = PBXFileReference; fileEncoding = 4; lastKnownFileType = sourcecode.c.objc; path = MPLogging.m; sourceTree = "<group>"; };
		8A91892C1608CD3B000F17DE /* MPMraidAdapter.h */ = {isa = PBXFileReference; fileEncoding = 4; lastKnownFileType = sourcecode.c.h; path = MPMraidAdapter.h; sourceTree = "<group>"; };
		8A91892D1608CD3B000F17DE /* MPMraidAdapter.m */ = {isa = PBXFileReference; fileEncoding = 4; lastKnownFileType = sourcecode.c.objc; path = MPMraidAdapter.m; sourceTree = "<group>"; };
		8A91892E1608CD3B000F17DE /* MPMraidInterstitialAdapter.h */ = {isa = PBXFileReference; fileEncoding = 4; lastKnownFileType = sourcecode.c.h; path = MPMraidInterstitialAdapter.h; sourceTree = "<group>"; };
		8A91892F1608CD3B000F17DE /* MPMraidInterstitialAdapter.m */ = {isa = PBXFileReference; fileEncoding = 4; lastKnownFileType = sourcecode.c.objc; path = MPMraidInterstitialAdapter.m; sourceTree = "<group>"; };
		8A9189301608CD3B000F17DE /* MPProgressOverlayView.h */ = {isa = PBXFileReference; fileEncoding = 4; lastKnownFileType = sourcecode.c.h; path = MPProgressOverlayView.h; sourceTree = "<group>"; };
		8A9189311608CD3B000F17DE /* MPProgressOverlayView.m */ = {isa = PBXFileReference; fileEncoding = 4; lastKnownFileType = sourcecode.c.objc; path = MPProgressOverlayView.m; sourceTree = "<group>"; };
		8A9189321608CD3B000F17DE /* MPStore.h */ = {isa = PBXFileReference; fileEncoding = 4; lastKnownFileType = sourcecode.c.h; path = MPStore.h; sourceTree = "<group>"; };
		8A9189331608CD3B000F17DE /* MPStore.m */ = {isa = PBXFileReference; fileEncoding = 4; lastKnownFileType = sourcecode.c.objc; path = MPStore.m; sourceTree = "<group>"; };
		8A9189341608CD3B000F17DE /* MPTimer.h */ = {isa = PBXFileReference; fileEncoding = 4; lastKnownFileType = sourcecode.c.h; path = MPTimer.h; sourceTree = "<group>"; };
		8A9189351608CD3B000F17DE /* MPTimer.m */ = {isa = PBXFileReference; fileEncoding = 4; lastKnownFileType = sourcecode.c.objc; path = MPTimer.m; sourceTree = "<group>"; };
		8A9189371608CD3B000F17DE /* LICENSE */ = {isa = PBXFileReference; fileEncoding = 4; lastKnownFileType = text; path = LICENSE; sourceTree = "<group>"; };
		8A9189381608CD3B000F17DE /* MRAdView+Controllers.h */ = {isa = PBXFileReference; fileEncoding = 4; lastKnownFileType = sourcecode.c.h; path = "MRAdView+Controllers.h"; sourceTree = "<group>"; };
		8A9189391608CD3B000F17DE /* MRAdView.h */ = {isa = PBXFileReference; fileEncoding = 4; lastKnownFileType = sourcecode.c.h; path = MRAdView.h; sourceTree = "<group>"; };
		8A91893A1608CD3B000F17DE /* MRAdView.m */ = {isa = PBXFileReference; fileEncoding = 4; lastKnownFileType = sourcecode.c.objc; path = MRAdView.m; sourceTree = "<group>"; };
		8A91893B1608CD3B000F17DE /* MRAdViewBrowsingController.h */ = {isa = PBXFileReference; fileEncoding = 4; lastKnownFileType = sourcecode.c.h; path = MRAdViewBrowsingController.h; sourceTree = "<group>"; };
		8A91893C1608CD3B000F17DE /* MRAdViewBrowsingController.m */ = {isa = PBXFileReference; fileEncoding = 4; lastKnownFileType = sourcecode.c.objc; path = MRAdViewBrowsingController.m; sourceTree = "<group>"; };
		8A91893D1608CD3B000F17DE /* MRAdViewDisplayController.h */ = {isa = PBXFileReference; fileEncoding = 4; lastKnownFileType = sourcecode.c.h; path = MRAdViewDisplayController.h; sourceTree = "<group>"; };
		8A91893E1608CD3B000F17DE /* MRAdViewDisplayController.m */ = {isa = PBXFileReference; fileEncoding = 4; lastKnownFileType = sourcecode.c.objc; path = MRAdViewDisplayController.m; sourceTree = "<group>"; };
		8A91893F1608CD3B000F17DE /* MRCommand.h */ = {isa = PBXFileReference; fileEncoding = 4; lastKnownFileType = sourcecode.c.h; path = MRCommand.h; sourceTree = "<group>"; };
		8A9189401608CD3B000F17DE /* MRCommand.m */ = {isa = PBXFileReference; fileEncoding = 4; lastKnownFileType = sourcecode.c.objc; path = MRCommand.m; sourceTree = "<group>"; };
		8A9189411608CD3B000F17DE /* MRDimmingView.h */ = {isa = PBXFileReference; fileEncoding = 4; lastKnownFileType = sourcecode.c.h; path = MRDimmingView.h; sourceTree = "<group>"; };
		8A9189421608CD3B000F17DE /* MRDimmingView.m */ = {isa = PBXFileReference; fileEncoding = 4; lastKnownFileType = sourcecode.c.objc; path = MRDimmingView.m; sourceTree = "<group>"; };
		8A9189431608CD3B000F17DE /* MRProperty.h */ = {isa = PBXFileReference; fileEncoding = 4; lastKnownFileType = sourcecode.c.h; path = MRProperty.h; sourceTree = "<group>"; };
		8A9189441608CD3B000F17DE /* MRProperty.m */ = {isa = PBXFileReference; fileEncoding = 4; lastKnownFileType = sourcecode.c.objc; path = MRProperty.m; sourceTree = "<group>"; };
		8A9189451608CD3B000F17DE /* MRAID.bundle */ = {isa = PBXFileReference; lastKnownFileType = "wrapper.plug-in"; path = MRAID.bundle; sourceTree = "<group>"; };
		8A9189471608CD3B000F17DE /* OpenUDID.h */ = {isa = PBXFileReference; fileEncoding = 4; lastKnownFileType = sourcecode.c.h; path = OpenUDID.h; sourceTree = "<group>"; };
		8A9189481608CD3B000F17DE /* OpenUDID.m */ = {isa = PBXFileReference; fileEncoding = 4; lastKnownFileType = sourcecode.c.objc; path = OpenUDID.m; sourceTree = "<group>"; };
		8A91894A1608CD3B000F17DE /* UIWebView+MPAdditions.h */ = {isa = PBXFileReference; fileEncoding = 4; lastKnownFileType = sourcecode.c.h; path = "UIWebView+MPAdditions.h"; sourceTree = "<group>"; };
		8A91894B1608CD3B000F17DE /* UIWebView+MPAdditions.m */ = {isa = PBXFileReference; fileEncoding = 4; lastKnownFileType = sourcecode.c.objc; path = "UIWebView+MPAdditions.m"; sourceTree = "<group>"; };
		8A91899E1608CD5D000F17DE /* MPGoogleAdMobAdapter.h */ = {isa = PBXFileReference; fileEncoding = 4; lastKnownFileType = sourcecode.c.h; path = MPGoogleAdMobAdapter.h; sourceTree = "<group>"; };
		8A91899F1608CD5D000F17DE /* MPGoogleAdMobAdapter.m */ = {isa = PBXFileReference; fileEncoding = 4; lastKnownFileType = sourcecode.c.objc; path = MPGoogleAdMobAdapter.m; sourceTree = "<group>"; };
		8A9189A01608CD5D000F17DE /* MPGoogleAdMobInterstitialAdapter.h */ = {isa = PBXFileReference; fileEncoding = 4; lastKnownFileType = sourcecode.c.h; path = MPGoogleAdMobInterstitialAdapter.h; sourceTree = "<group>"; };
		8A9189A11608CD5D000F17DE /* MPGoogleAdMobInterstitialAdapter.m */ = {isa = PBXFileReference; fileEncoding = 4; lastKnownFileType = sourcecode.c.objc; path = MPGoogleAdMobInterstitialAdapter.m; sourceTree = "<group>"; };
		8A9189A41608CD5D000F17DE /* MPIAdAdapter.h */ = {isa = PBXFileReference; fileEncoding = 4; lastKnownFileType = sourcecode.c.h; path = MPIAdAdapter.h; sourceTree = "<group>"; };
		8A9189A51608CD5D000F17DE /* MPIAdAdapter.m */ = {isa = PBXFileReference; fileEncoding = 4; lastKnownFileType = sourcecode.c.objc; path = MPIAdAdapter.m; sourceTree = "<group>"; };
		8A9189A61608CD5D000F17DE /* MPIAdInterstitialAdapter.h */ = {isa = PBXFileReference; fileEncoding = 4; lastKnownFileType = sourcecode.c.h; path = MPIAdInterstitialAdapter.h; sourceTree = "<group>"; };
		8A9189A71608CD5D000F17DE /* MPIAdInterstitialAdapter.m */ = {isa = PBXFileReference; fileEncoding = 4; lastKnownFileType = sourcecode.c.objc; path = MPIAdInterstitialAdapter.m; sourceTree = "<group>"; };
		8A9189A81608CD5D000F17DE /* MPMillennialAdapter.h */ = {isa = PBXFileReference; fileEncoding = 4; lastKnownFileType = sourcecode.c.h; path = MPMillennialAdapter.h; sourceTree = "<group>"; };
		8A9189A91608CD5D000F17DE /* MPMillennialAdapter.m */ = {isa = PBXFileReference; fileEncoding = 4; lastKnownFileType = sourcecode.c.objc; path = MPMillennialAdapter.m; sourceTree = "<group>"; };
		8A9189AA1608CD5D000F17DE /* MPMillennialInterstitialAdapter.h */ = {isa = PBXFileReference; fileEncoding = 4; lastKnownFileType = sourcecode.c.h; path = MPMillennialInterstitialAdapter.h; sourceTree = "<group>"; };
		8A9189AB1608CD5D000F17DE /* MPMillennialInterstitialAdapter.m */ = {isa = PBXFileReference; fileEncoding = 4; lastKnownFileType = sourcecode.c.objc; path = MPMillennialInterstitialAdapter.m; sourceTree = "<group>"; };
		E01859E715FB1367008F995C /* MopubInstance.h */ = {isa = PBXFileReference; fileEncoding = 4; lastKnownFileType = sourcecode.c.h; path = MopubInstance.h; sourceTree = "<group>"; };
		E01859E815FB1367008F995C /* MopubInstance.m */ = {isa = PBXFileReference; fileEncoding = 4; lastKnownFileType = sourcecode.c.objc; path = MopubInstance.m; sourceTree = "<group>"; };
		E0185A8B15FC69A9008F995C /* iAd.framework */ = {isa = PBXFileReference; lastKnownFileType = wrapper.framework; name = iAd.framework; path = System/Library/Frameworks/iAd.framework; sourceTree = SDKROOT; };
		E0185A8D15FC69DD008F995C /* StoreKit.framework */ = {isa = PBXFileReference; lastKnownFileType = wrapper.framework; name = StoreKit.framework; path = System/Library/Frameworks/StoreKit.framework; sourceTree = SDKROOT; };
		E0185A8F15FC6A47008F995C /* MessageUI.framework */ = {isa = PBXFileReference; lastKnownFileType = wrapper.framework; name = MessageUI.framework; path = System/Library/Frameworks/MessageUI.framework; sourceTree = SDKROOT; };
		E0532DAC15FA3319004CB7F5 /* libMopub.a */ = {isa = PBXFileReference; explicitFileType = archive.ar; includeInIndex = 0; path = libMopub.a; sourceTree = BUILT_PRODUCTS_DIR; };
		E0532DAF15FA331A004CB7F5 /* Foundation.framework */ = {isa = PBXFileReference; lastKnownFileType = wrapper.framework; name = Foundation.framework; path = System/Library/Frameworks/Foundation.framework; sourceTree = SDKROOT; };
		E0532DB115FA331A004CB7F5 /* CoreFoundation.framework */ = {isa = PBXFileReference; lastKnownFileType = wrapper.framework; name = CoreFoundation.framework; path = System/Library/Frameworks/CoreFoundation.framework; sourceTree = SDKROOT; };
		E0532DB315FA331A004CB7F5 /* UIKit.framework */ = {isa = PBXFileReference; lastKnownFileType = wrapper.framework; name = UIKit.framework; path = System/Library/Frameworks/UIKit.framework; sourceTree = SDKROOT; };
		E0532DB515FA331A004CB7F5 /* MobileCoreServices.framework */ = {isa = PBXFileReference; lastKnownFileType = wrapper.framework; name = MobileCoreServices.framework; path = System/Library/Frameworks/MobileCoreServices.framework; sourceTree = SDKROOT; };
		E0532DB715FA331A004CB7F5 /* CoreGraphics.framework */ = {isa = PBXFileReference; lastKnownFileType = wrapper.framework; name = CoreGraphics.framework; path = System/Library/Frameworks/CoreGraphics.framework; sourceTree = SDKROOT; };
		E0532DB915FA331A004CB7F5 /* SystemConfiguration.framework */ = {isa = PBXFileReference; lastKnownFileType = wrapper.framework; name = SystemConfiguration.framework; path = System/Library/Frameworks/SystemConfiguration.framework; sourceTree = SDKROOT; };
		E0532DBB15FA331A004CB7F5 /* AudioToolbox.framework */ = {isa = PBXFileReference; lastKnownFileType = wrapper.framework; name = AudioToolbox.framework; path = System/Library/Frameworks/AudioToolbox.framework; sourceTree = SDKROOT; };
		E0532DBD15FA331A004CB7F5 /* CFNetwork.framework */ = {isa = PBXFileReference; lastKnownFileType = wrapper.framework; name = CFNetwork.framework; path = System/Library/Frameworks/CFNetwork.framework; sourceTree = SDKROOT; };
		E0532DBF15FA331A004CB7F5 /* QuartzCore.framework */ = {isa = PBXFileReference; lastKnownFileType = wrapper.framework; name = QuartzCore.framework; path = System/Library/Frameworks/QuartzCore.framework; sourceTree = SDKROOT; };
		E0532DC115FA331A004CB7F5 /* OpenGLES.framework */ = {isa = PBXFileReference; lastKnownFileType = wrapper.framework; name = OpenGLES.framework; path = System/Library/Frameworks/OpenGLES.framework; sourceTree = SDKROOT; };
		E0532DC315FA331A004CB7F5 /* CoreLocation.framework */ = {isa = PBXFileReference; lastKnownFileType = wrapper.framework; name = CoreLocation.framework; path = System/Library/Frameworks/CoreLocation.framework; sourceTree = SDKROOT; };
		E0532DC515FA331A004CB7F5 /* CoreMedia.framework */ = {isa = PBXFileReference; lastKnownFileType = wrapper.framework; name = CoreMedia.framework; path = System/Library/Frameworks/CoreMedia.framework; sourceTree = SDKROOT; };
		E0532DC715FA331A004CB7F5 /* CoreVideo.framework */ = {isa = PBXFileReference; lastKnownFileType = wrapper.framework; name = CoreVideo.framework; path = System/Library/Frameworks/CoreVideo.framework; sourceTree = SDKROOT; };
		E0532DC915FA331A004CB7F5 /* AVFoundation.framework */ = {isa = PBXFileReference; lastKnownFileType = wrapper.framework; name = AVFoundation.framework; path = System/Library/Frameworks/AVFoundation.framework; sourceTree = SDKROOT; };
		E0532DCB15FA331A004CB7F5 /* Security.framework */ = {isa = PBXFileReference; lastKnownFileType = wrapper.framework; name = Security.framework; path = System/Library/Frameworks/Security.framework; sourceTree = SDKROOT; };
		E0532DCF15FA331A004CB7F5 /* Mopub.ane */ = {isa = PBXFileReference; explicitFileType = archive.ar; includeInIndex = 0; path = Mopub.ane; sourceTree = BUILT_PRODUCTS_DIR; };
		E0532DD215FA331A004CB7F5 /* DebugMopubAIRApp.app */ = {isa = PBXFileReference; explicitFileType = wrapper.application; includeInIndex = 0; path = DebugMopubAIRApp.app; sourceTree = BUILT_PRODUCTS_DIR; };
		E0532DDA15FA331A004CB7F5 /* Mopub-Prefix.pch */ = {isa = PBXFileReference; lastKnownFileType = sourcecode.c.h; path = "Mopub-Prefix.pch"; sourceTree = "<group>"; };
		E0532DDB15FA331A004CB7F5 /* Mopub.h */ = {isa = PBXFileReference; lastKnownFileType = sourcecode.c.h; path = Mopub.h; sourceTree = "<group>"; };
		E0532DDC15FA331A004CB7F5 /* Mopub.m */ = {isa = PBXFileReference; lastKnownFileType = sourcecode.c.objc; path = Mopub.m; sourceTree = "<group>"; };
		E0532DDE15FA331A004CB7F5 /* extension.xml */ = {isa = PBXFileReference; lastKnownFileType = text.xml; path = extension.xml; sourceTree = "<group>"; };
		E0532DDF15FA331A004CB7F5 /* platformoptions.xml */ = {isa = PBXFileReference; lastKnownFileType = text.xml; path = platformoptions.xml; sourceTree = "<group>"; };
		E0532DE015FA331A004CB7F5 /* generateANE.sh */ = {isa = PBXFileReference; lastKnownFileType = text.script.sh; path = generateANE.sh; sourceTree = "<group>"; };
		E0532DE115FA331A004CB7F5 /* debugIPA.sh */ = {isa = PBXFileReference; lastKnownFileType = text.script.sh; path = debugIPA.sh; sourceTree = "<group>"; };
		E0FA873E1607F46600795F82 /* MediaPlayer.framework */ = {isa = PBXFileReference; lastKnownFileType = wrapper.framework; name = MediaPlayer.framework; path = System/Library/Frameworks/MediaPlayer.framework; sourceTree = SDKROOT; };
/* End PBXFileReference section */

/* Begin PBXFrameworksBuildPhase section */
		E0532DA915FA3319004CB7F5 /* Frameworks */ = {
			isa = PBXFrameworksBuildPhase;
			buildActionMask = 2147483647;
			files = (
				E0FA873F1607F46600795F82 /* MediaPlayer.framework in Frameworks */,
				E0185A9015FC6A47008F995C /* MessageUI.framework in Frameworks */,
				E0532DBA15FA331A004CB7F5 /* SystemConfiguration.framework in Frameworks */,
				E0185A8E15FC69DD008F995C /* StoreKit.framework in Frameworks */,
				E0532DB815FA331A004CB7F5 /* CoreGraphics.framework in Frameworks */,
				E0185A8C15FC69A9008F995C /* iAd.framework in Frameworks */,
				E0532DB015FA331A004CB7F5 /* Foundation.framework in Frameworks */,
				E0532DB215FA331A004CB7F5 /* CoreFoundation.framework in Frameworks */,
				E0532DB415FA331A004CB7F5 /* UIKit.framework in Frameworks */,
				E0532DB615FA331A004CB7F5 /* MobileCoreServices.framework in Frameworks */,
				E0532DBC15FA331A004CB7F5 /* AudioToolbox.framework in Frameworks */,
				E0532DBE15FA331A004CB7F5 /* CFNetwork.framework in Frameworks */,
				E0532DC015FA331A004CB7F5 /* QuartzCore.framework in Frameworks */,
				E0532DC215FA331A004CB7F5 /* OpenGLES.framework in Frameworks */,
				E0532DC415FA331A004CB7F5 /* CoreLocation.framework in Frameworks */,
				E0532DC615FA331A004CB7F5 /* CoreMedia.framework in Frameworks */,
				E0532DC815FA331A004CB7F5 /* CoreVideo.framework in Frameworks */,
				E0532DCA15FA331A004CB7F5 /* AVFoundation.framework in Frameworks */,
				E0532DCC15FA331A004CB7F5 /* Security.framework in Frameworks */,
				8A9188D01608CCEB000F17DE /* libGoogleAdMobAds.a in Frameworks */,
				8A9188D71608CD20000F17DE /* libMMSDK_4.6.0.a in Frameworks */,
			);
			runOnlyForDeploymentPostprocessing = 0;
		};
/* End PBXFrameworksBuildPhase section */

/* Begin PBXGroup section */
		8A9188361608CCEB000F17DE /* GoogleAdMobAdsSdkiOS-6.1.4 */ = {
			isa = PBXGroup;
			children = (
				8A9188371608CCEB000F17DE /* Add-ons */,
				8A9188981608CCEB000F17DE /* GADAdMobExtras.h */,
				8A9188991608CCEB000F17DE /* GADAdNetworkExtras.h */,
				8A91889A1608CCEB000F17DE /* GADAdSize.h */,
				8A91889B1608CCEB000F17DE /* GADBannerView.h */,
				8A91889C1608CCEB000F17DE /* GADBannerViewDelegate.h */,
				8A91889D1608CCEB000F17DE /* GADInterstitial.h */,
				8A91889E1608CCEB000F17DE /* GADInterstitialDelegate.h */,
				8A91889F1608CCEB000F17DE /* GADRequest.h */,
				8A9188A01608CCEB000F17DE /* GADRequestError.h */,
				8A9188A11608CCEB000F17DE /* libGoogleAdMobAds.a */,
				8A9188A21608CCEB000F17DE /* README.txt */,
			);
			name = "GoogleAdMobAdsSdkiOS-6.1.4";
			path = "../../Ads/GoogleAdMobAdsSdkiOS-6.1.4";
			sourceTree = "<group>";
		};
		8A9188371608CCEB000F17DE /* Add-ons */ = {
			isa = PBXGroup;
			children = (
				8A9188381608CCEB000F17DE /* DoubleClick */,
				8A91883E1608CCEB000F17DE /* GoogleAnalyticsiOS_2.0beta2 */,
				8A91888E1608CCEB000F17DE /* Mediation */,
				8A9188951608CCEB000F17DE /* Search */,
			);
			path = "Add-ons";
			sourceTree = "<group>";
		};
		8A9188381608CCEB000F17DE /* DoubleClick */ = {
			isa = PBXGroup;
			children = (
				8A9188391608CCEB000F17DE /* DFPBannerView.h */,
				8A91883A1608CCEB000F17DE /* DFPExtras.h */,
				8A91883B1608CCEB000F17DE /* DFPInterstitial.h */,
				8A91883C1608CCEB000F17DE /* GADAdSizeDelegate.h */,
				8A91883D1608CCEB000F17DE /* GADAppEventDelegate.h */,
			);
			path = DoubleClick;
			sourceTree = "<group>";
		};
		8A91883E1608CCEB000F17DE /* GoogleAnalyticsiOS_2.0beta2 */ = {
			isa = PBXGroup;
			children = (
				8A91883F1608CCEB000F17DE /* Changelog.txt */,
				8A9188401608CCEB000F17DE /* Documentation */,
				8A9188851608CCEB000F17DE /* Library */,
				8A91888D1608CCEB000F17DE /* Readme.txt */,
			);
			path = GoogleAnalyticsiOS_2.0beta2;
			sourceTree = "<group>";
		};
		8A9188401608CCEB000F17DE /* Documentation */ = {
			isa = PBXGroup;
			children = (
				8A9188411608CCEB000F17DE /* Classes */,
				8A9188461608CCEB000F17DE /* css */,
				8A9188491608CCEB000F17DE /* hierarchy.html */,
				8A91884A1608CCEB000F17DE /* img */,
				8A9188501608CCEB000F17DE /* index.html */,
				8A9188511608CCEB000F17DE /* Protocols */,
			);
			path = Documentation;
			sourceTree = "<group>";
		};
		8A9188411608CCEB000F17DE /* Classes */ = {
			isa = PBXGroup;
			children = (
				8A9188421608CCEB000F17DE /* GAI.html */,
				8A9188431608CCEB000F17DE /* GAITrackedViewController.html */,
				8A9188441608CCEB000F17DE /* GAITransaction.html */,
				8A9188451608CCEB000F17DE /* GAITransactionItem.html */,
			);
			path = Classes;
			sourceTree = "<group>";
		};
		8A9188461608CCEB000F17DE /* css */ = {
			isa = PBXGroup;
			children = (
				8A9188471608CCEB000F17DE /* styles.css */,
				8A9188481608CCEB000F17DE /* stylesPrint.css */,
			);
			path = css;
			sourceTree = "<group>";
		};
		8A91884A1608CCEB000F17DE /* img */ = {
			isa = PBXGroup;
			children = (
				8A91884B1608CCEB000F17DE /* button_bar_background.png */,
				8A91884C1608CCEB000F17DE /* disclosure.png */,
				8A91884D1608CCEB000F17DE /* disclosure_open.png */,
				8A91884E1608CCEB000F17DE /* library_background.png */,
				8A91884F1608CCEB000F17DE /* title_background.png */,
			);
			path = img;
			sourceTree = "<group>";
		};
		8A9188511608CCEB000F17DE /* Protocols */ = {
			isa = PBXGroup;
			children = (
				8A9188521608CCEB000F17DE /* GAITracker.html */,
			);
			path = Protocols;
			sourceTree = "<group>";
		};
		8A9188851608CCEB000F17DE /* Library */ = {
			isa = PBXGroup;
			children = (
				8A9188861608CCEB000F17DE /* GAI.h */,
				8A9188871608CCEB000F17DE /* GAITrackedViewController.h */,
				8A9188881608CCEB000F17DE /* GAITracker.h */,
				8A9188891608CCEB000F17DE /* GAITransaction.h */,
				8A91888A1608CCEB000F17DE /* GAITransactionItem.h */,
				8A91888B1608CCEB000F17DE /* libGoogleAnalytics.a */,
				8A91888C1608CCEB000F17DE /* libGoogleAnalytics_debug.a */,
			);
			path = Library;
			sourceTree = "<group>";
		};
		8A91888E1608CCEB000F17DE /* Mediation */ = {
			isa = PBXGroup;
			children = (
				8A91888F1608CCEB000F17DE /* GADCustomEventBanner.h */,
				8A9188901608CCEB000F17DE /* GADCustomEventBannerDelegate.h */,
				8A9188911608CCEB000F17DE /* GADCustomEventExtras.h */,
				8A9188921608CCEB000F17DE /* GADCustomEventInterstitial.h */,
				8A9188931608CCEB000F17DE /* GADCustomEventInterstitialDelegate.h */,
				8A9188941608CCEB000F17DE /* GADCustomEventRequest.h */,
			);
			path = Mediation;
			sourceTree = "<group>";
		};
		8A9188951608CCEB000F17DE /* Search */ = {
			isa = PBXGroup;
			children = (
				8A9188961608CCEB000F17DE /* GADSearchBannerView.h */,
				8A9188971608CCEB000F17DE /* GADSearchRequest.h */,
			);
			path = Search;
			sourceTree = "<group>";
		};
		8A9188D41608CD20000F17DE /* MMSDK */ = {
			isa = PBXGroup;
			children = (
				8A9188D51608CD20000F17DE /* libMMSDK_4.6.0.a */,
				8A9188D61608CD20000F17DE /* MMAdView.h */,
			);
			name = MMSDK;
			path = ../../Ads/MMSDK;
			sourceTree = "<group>";
		};
		8A9188D91608CD2F000F17DE /* TouchJSON */ = {
			isa = PBXGroup;
			children = (
				8A9188DA1608CD2F000F17DE /* CDataScanner.h */,
				8A9188DB1608CD2F000F17DE /* CDataScanner.m */,
				8A9188DC1608CD2F000F17DE /* Experimental */,
				8A9188E51608CD2F000F17DE /* Extensions */,
				8A9188EA1608CD2F000F17DE /* JSON */,
				8A9188F21608CD2F000F17DE /* LICENSE.txt */,
				8A9188F31608CD2F000F17DE /* README.markdown */,
			);
			name = TouchJSON;
			path = "../../Ads/mopub-ios/TouchJSON";
			sourceTree = "<group>";
		};
		8A9188DC1608CD2F000F17DE /* Experimental */ = {
			isa = PBXGroup;
			children = (
				8A9188DD1608CD2F000F17DE /* CFilteringJSONSerializer.h */,
				8A9188DE1608CD2F000F17DE /* CFilteringJSONSerializer.m */,
				8A9188DF1608CD2F000F17DE /* CJSONDeserializer_BlocksExtensions.h */,
				8A9188E01608CD2F000F17DE /* CJSONDeserializer_BlocksExtensions.m */,
				8A9188E11608CD2F000F17DE /* CJSONSerialization.h */,
				8A9188E21608CD2F000F17DE /* CJSONSerialization.m */,
				8A9188E31608CD2F000F17DE /* CJSONSerializedData.h */,
				8A9188E41608CD2F000F17DE /* CJSONSerializedData.m */,
			);
			path = Experimental;
			sourceTree = "<group>";
		};
		8A9188E51608CD2F000F17DE /* Extensions */ = {
			isa = PBXGroup;
			children = (
				8A9188E61608CD2F000F17DE /* CDataScanner_Extensions.h */,
				8A9188E71608CD2F000F17DE /* CDataScanner_Extensions.m */,
				8A9188E81608CD2F000F17DE /* NSDictionary_JSONExtensions.h */,
				8A9188E91608CD2F000F17DE /* NSDictionary_JSONExtensions.m */,
			);
			path = Extensions;
			sourceTree = "<group>";
		};
		8A9188EA1608CD2F000F17DE /* JSON */ = {
			isa = PBXGroup;
			children = (
				8A9188EB1608CD2F000F17DE /* CJSONDeserializer.h */,
				8A9188EC1608CD2F000F17DE /* CJSONDeserializer.m */,
				8A9188ED1608CD2F000F17DE /* CJSONScanner.h */,
				8A9188EE1608CD2F000F17DE /* CJSONScanner.m */,
				8A9188EF1608CD2F000F17DE /* CJSONSerializer.h */,
				8A9188F01608CD2F000F17DE /* CJSONSerializer.m */,
				8A9188F11608CD2F000F17DE /* JSONRepresentation.h */,
			);
			path = JSON;
			sourceTree = "<group>";
		};
		8A9189091608CD3B000F17DE /* MoPubSDK */ = {
			isa = PBXGroup;
			children = (
				8A91890A1608CD3B000F17DE /* Friend Categories */,
				8A9189101608CD3B000F17DE /* MPAdapterMap.h */,
				8A9189111608CD3B000F17DE /* MPAdapterMap.m */,
				8A9189121608CD3B000F17DE /* MPAdBrowserController.h */,
				8A9189131608CD3B000F17DE /* MPAdBrowserController.m */,
				8A9189141608CD3B000F17DE /* MPAdBrowserController.xib */,
				8A9189151608CD3B000F17DE /* MPAdConversionTracker.h */,
				8A9189161608CD3B000F17DE /* MPAdConversionTracker.m */,
				8A9189171608CD3B000F17DE /* MPAdManager.h */,
				8A9189181608CD3B000F17DE /* MPAdManager.m */,
				8A9189191608CD3B000F17DE /* MPAdView.h */,
				8A91891A1608CD3B000F17DE /* MPAdView.m */,
				8A91891B1608CD3B000F17DE /* MPBaseAdapter.h */,
				8A91891C1608CD3B000F17DE /* MPBaseAdapter.m */,
				8A91891D1608CD3B000F17DE /* MPBaseInterstitialAdapter.h */,
				8A91891E1608CD3B000F17DE /* MPBaseInterstitialAdapter.m */,
				8A91891F1608CD3B000F17DE /* MPCloseButtonX.png */,
				8A9189201608CD3B000F17DE /* MPCloseButtonX@2x.png */,
				8A9189211608CD3B000F17DE /* MPConstants.h */,
				8A9189221608CD3B000F17DE /* MPCustomEventAdapter.h */,
				8A9189231608CD3B000F17DE /* MPCustomEventAdapter.m */,
				8A9189241608CD3B000F17DE /* MPGlobal.h */,
				8A9189251608CD3B000F17DE /* MPGlobal.m */,
				8A9189261608CD3B000F17DE /* MPInterstitialAdapter.h */,
				8A9189271608CD3B000F17DE /* MPInterstitialAdapter.m */,
				8A9189281608CD3B000F17DE /* MPInterstitialAdController.h */,
				8A9189291608CD3B000F17DE /* MPInterstitialAdController.m */,
				8A91892A1608CD3B000F17DE /* MPLogging.h */,
				8A91892B1608CD3B000F17DE /* MPLogging.m */,
				8A91892C1608CD3B000F17DE /* MPMraidAdapter.h */,
				8A91892D1608CD3B000F17DE /* MPMraidAdapter.m */,
				8A91892E1608CD3B000F17DE /* MPMraidInterstitialAdapter.h */,
				8A91892F1608CD3B000F17DE /* MPMraidInterstitialAdapter.m */,
				8A9189301608CD3B000F17DE /* MPProgressOverlayView.h */,
				8A9189311608CD3B000F17DE /* MPProgressOverlayView.m */,
				8A9189321608CD3B000F17DE /* MPStore.h */,
				8A9189331608CD3B000F17DE /* MPStore.m */,
				8A9189341608CD3B000F17DE /* MPTimer.h */,
				8A9189351608CD3B000F17DE /* MPTimer.m */,
				8A9189361608CD3B000F17DE /* MRAID */,
				8A9189451608CD3B000F17DE /* MRAID.bundle */,
				8A9189461608CD3B000F17DE /* OpenUDID */,
				8A9189491608CD3B000F17DE /* UIWebView Categories */,
			);
			name = MoPubSDK;
			path = "../../Ads/mopub-ios/MoPubSDK";
			sourceTree = "<group>";
		};
		8A91890A1608CD3B000F17DE /* Friend Categories */ = {
			isa = PBXGroup;
			children = (
				8A91890B1608CD3B000F17DE /* MPAdManager+MPAdViewFriend.h */,
				8A91890C1608CD3B000F17DE /* MPAdManager+MPInterstitialAdControllerFriend.h */,
				8A91890D1608CD3B000F17DE /* MPAdView+MPAdManagerFriend.h */,
				8A91890E1608CD3B000F17DE /* MPAdView+MPInterstitialAdControllerFriend.h */,
				8A91890F1608CD3B000F17DE /* MPInterstitialAdController+MPCustomEventAdapterFriend.h */,
			);
			path = "Friend Categories";
			sourceTree = "<group>";
		};
		8A9189361608CD3B000F17DE /* MRAID */ = {
			isa = PBXGroup;
			children = (
				8A9189371608CD3B000F17DE /* LICENSE */,
				8A9189381608CD3B000F17DE /* MRAdView+Controllers.h */,
				8A9189391608CD3B000F17DE /* MRAdView.h */,
				8A91893A1608CD3B000F17DE /* MRAdView.m */,
				8A91893B1608CD3B000F17DE /* MRAdViewBrowsingController.h */,
				8A91893C1608CD3B000F17DE /* MRAdViewBrowsingController.m */,
				8A91893D1608CD3B000F17DE /* MRAdViewDisplayController.h */,
				8A91893E1608CD3B000F17DE /* MRAdViewDisplayController.m */,
				8A91893F1608CD3B000F17DE /* MRCommand.h */,
				8A9189401608CD3B000F17DE /* MRCommand.m */,
				8A9189411608CD3B000F17DE /* MRDimmingView.h */,
				8A9189421608CD3B000F17DE /* MRDimmingView.m */,
				8A9189431608CD3B000F17DE /* MRProperty.h */,
				8A9189441608CD3B000F17DE /* MRProperty.m */,
			);
			path = MRAID;
			sourceTree = "<group>";
		};
		8A9189461608CD3B000F17DE /* OpenUDID */ = {
			isa = PBXGroup;
			children = (
				8A9189471608CD3B000F17DE /* OpenUDID.h */,
				8A9189481608CD3B000F17DE /* OpenUDID.m */,
			);
			path = OpenUDID;
			sourceTree = "<group>";
		};
		8A9189491608CD3B000F17DE /* UIWebView Categories */ = {
			isa = PBXGroup;
			children = (
				8A91894A1608CD3B000F17DE /* UIWebView+MPAdditions.h */,
				8A91894B1608CD3B000F17DE /* UIWebView+MPAdditions.m */,
			);
			path = "UIWebView Categories";
			sourceTree = "<group>";
		};
		8A91899D1608CD5D000F17DE /* MoPubNetworkAdapters */ = {
			isa = PBXGroup;
			children = (
				8A91899E1608CD5D000F17DE /* MPGoogleAdMobAdapter.h */,
				8A91899F1608CD5D000F17DE /* MPGoogleAdMobAdapter.m */,
				8A9189A01608CD5D000F17DE /* MPGoogleAdMobInterstitialAdapter.h */,
				8A9189A11608CD5D000F17DE /* MPGoogleAdMobInterstitialAdapter.m */,
				8A9189A41608CD5D000F17DE /* MPIAdAdapter.h */,
				8A9189A51608CD5D000F17DE /* MPIAdAdapter.m */,
				8A9189A61608CD5D000F17DE /* MPIAdInterstitialAdapter.h */,
				8A9189A71608CD5D000F17DE /* MPIAdInterstitialAdapter.m */,
				8A9189A81608CD5D000F17DE /* MPMillennialAdapter.h */,
				8A9189A91608CD5D000F17DE /* MPMillennialAdapter.m */,
				8A9189AA1608CD5D000F17DE /* MPMillennialInterstitialAdapter.h */,
				8A9189AB1608CD5D000F17DE /* MPMillennialInterstitialAdapter.m */,
			);
			name = MoPubNetworkAdapters;
			path = "../../Ads/mopub-ios/extras/MoPubNetworkAdapters";
			sourceTree = "<group>";
		};
		E0532DA115FA3319004CB7F5 = {
			isa = PBXGroup;
			children = (
				E0532DEF15FA3521004CB7F5 /* Library */,
				E0532DD815FA331A004CB7F5 /* Mopub */,
				E0532DAE15FA3319004CB7F5 /* Frameworks */,
				E0532DAD15FA3319004CB7F5 /* Products */,
			);
			sourceTree = "<group>";
		};
		E0532DAD15FA3319004CB7F5 /* Products */ = {
			isa = PBXGroup;
			children = (
				E0532DAC15FA3319004CB7F5 /* libMopub.a */,
				E0532DCF15FA331A004CB7F5 /* Mopub.ane */,
				E0532DD215FA331A004CB7F5 /* DebugMopubAIRApp.app */,
			);
			name = Products;
			sourceTree = "<group>";
		};
		E0532DAE15FA3319004CB7F5 /* Frameworks */ = {
			isa = PBXGroup;
			children = (
				E0FA873E1607F46600795F82 /* MediaPlayer.framework */,
				E0185A8F15FC6A47008F995C /* MessageUI.framework */,
				E0185A8D15FC69DD008F995C /* StoreKit.framework */,
				E0185A8B15FC69A9008F995C /* iAd.framework */,
				E0532DAF15FA331A004CB7F5 /* Foundation.framework */,
				E0532DB115FA331A004CB7F5 /* CoreFoundation.framework */,
				E0532DB315FA331A004CB7F5 /* UIKit.framework */,
				E0532DB515FA331A004CB7F5 /* MobileCoreServices.framework */,
				E0532DB715FA331A004CB7F5 /* CoreGraphics.framework */,
				E0532DB915FA331A004CB7F5 /* SystemConfiguration.framework */,
				E0532DBB15FA331A004CB7F5 /* AudioToolbox.framework */,
				E0532DBD15FA331A004CB7F5 /* CFNetwork.framework */,
				E0532DBF15FA331A004CB7F5 /* QuartzCore.framework */,
				E0532DC115FA331A004CB7F5 /* OpenGLES.framework */,
				E0532DC315FA331A004CB7F5 /* CoreLocation.framework */,
				E0532DC515FA331A004CB7F5 /* CoreMedia.framework */,
				E0532DC715FA331A004CB7F5 /* CoreVideo.framework */,
				E0532DC915FA331A004CB7F5 /* AVFoundation.framework */,
				E0532DCB15FA331A004CB7F5 /* Security.framework */,
			);
			name = Frameworks;
			sourceTree = "<group>";
		};
		E0532DD815FA331A004CB7F5 /* Mopub */ = {
			isa = PBXGroup;
			children = (
				E0532DDB15FA331A004CB7F5 /* Mopub.h */,
				E0532DDC15FA331A004CB7F5 /* Mopub.m */,
				E0532DD915FA331A004CB7F5 /* Supporting Files */,
				E01859E715FB1367008F995C /* MopubInstance.h */,
				E01859E815FB1367008F995C /* MopubInstance.m */,
			);
			path = Mopub;
			sourceTree = "<group>";
		};
		E0532DD915FA331A004CB7F5 /* Supporting Files */ = {
			isa = PBXGroup;
			children = (
				E0532DDA15FA331A004CB7F5 /* Mopub-Prefix.pch */,
				E0532DDE15FA331A004CB7F5 /* extension.xml */,
				E0532DDF15FA331A004CB7F5 /* platformoptions.xml */,
				E0532DE015FA331A004CB7F5 /* generateANE.sh */,
				E0532DE115FA331A004CB7F5 /* debugIPA.sh */,
			);
			name = "Supporting Files";
			sourceTree = "<group>";
		};
		E0532DEF15FA3521004CB7F5 /* Library */ = {
			isa = PBXGroup;
			children = (
				8A91899D1608CD5D000F17DE /* MoPubNetworkAdapters */,
				8A9189091608CD3B000F17DE /* MoPubSDK */,
				8A9188D91608CD2F000F17DE /* TouchJSON */,
				8A9188D41608CD20000F17DE /* MMSDK */,
				8A9188361608CCEB000F17DE /* GoogleAdMobAdsSdkiOS-6.1.4 */,
				8A9188331608CC99000F17DE /* FlashRuntimeExtensions.h */,
			);
			name = Library;
			sourceTree = "<group>";
		};
/* End PBXGroup section */

/* Begin PBXHeadersBuildPhase section */
		E0532DAA15FA3319004CB7F5 /* Headers */ = {
			isa = PBXHeadersBuildPhase;
			buildActionMask = 2147483647;
			files = (
				8A9188341608CC99000F17DE /* FlashRuntimeExtensions.h in Headers */,
				8A9188A71608CCEB000F17DE /* DFPBannerView.h in Headers */,
				8A9188A81608CCEB000F17DE /* DFPExtras.h in Headers */,
				8A9188A91608CCEB000F17DE /* DFPInterstitial.h in Headers */,
				8A9188AA1608CCEB000F17DE /* GADAdSizeDelegate.h in Headers */,
				8A9188AB1608CCEB000F17DE /* GADAppEventDelegate.h in Headers */,
				8A9188B81608CCEB000F17DE /* GAI.h in Headers */,
				8A9188B91608CCEB000F17DE /* GAITrackedViewController.h in Headers */,
				8A9188BA1608CCEB000F17DE /* GAITracker.h in Headers */,
				8A9188BB1608CCEB000F17DE /* GAITransaction.h in Headers */,
				8A9188BC1608CCEB000F17DE /* GAITransactionItem.h in Headers */,
				8A9188BF1608CCEB000F17DE /* GADCustomEventBanner.h in Headers */,
				8A9188C01608CCEB000F17DE /* GADCustomEventBannerDelegate.h in Headers */,
				8A9188C11608CCEB000F17DE /* GADCustomEventExtras.h in Headers */,
				8A9188C21608CCEB000F17DE /* GADCustomEventInterstitial.h in Headers */,
				8A9188C31608CCEB000F17DE /* GADCustomEventInterstitialDelegate.h in Headers */,
				8A9188C41608CCEB000F17DE /* GADCustomEventRequest.h in Headers */,
				8A9188C51608CCEB000F17DE /* GADSearchBannerView.h in Headers */,
				8A9188C61608CCEB000F17DE /* GADSearchRequest.h in Headers */,
				8A9188C71608CCEB000F17DE /* GADAdMobExtras.h in Headers */,
				8A9188C81608CCEB000F17DE /* GADAdNetworkExtras.h in Headers */,
				8A9188C91608CCEB000F17DE /* GADAdSize.h in Headers */,
				8A9188CA1608CCEB000F17DE /* GADBannerView.h in Headers */,
				8A9188CB1608CCEB000F17DE /* GADBannerViewDelegate.h in Headers */,
				8A9188CC1608CCEB000F17DE /* GADInterstitial.h in Headers */,
				8A9188CD1608CCEB000F17DE /* GADInterstitialDelegate.h in Headers */,
				8A9188CE1608CCEB000F17DE /* GADRequest.h in Headers */,
				8A9188CF1608CCEB000F17DE /* GADRequestError.h in Headers */,
				8A9188D81608CD20000F17DE /* MMAdView.h in Headers */,
				8A9188F41608CD2F000F17DE /* CDataScanner.h in Headers */,
				8A9188F61608CD2F000F17DE /* CFilteringJSONSerializer.h in Headers */,
				8A9188F81608CD2F000F17DE /* CJSONDeserializer_BlocksExtensions.h in Headers */,
				8A9188FA1608CD2F000F17DE /* CJSONSerialization.h in Headers */,
				8A9188FC1608CD2F000F17DE /* CJSONSerializedData.h in Headers */,
				8A9188FE1608CD2F000F17DE /* CDataScanner_Extensions.h in Headers */,
				8A9189001608CD2F000F17DE /* NSDictionary_JSONExtensions.h in Headers */,
				8A9189021608CD2F000F17DE /* CJSONDeserializer.h in Headers */,
				8A9189041608CD2F000F17DE /* CJSONScanner.h in Headers */,
				8A9189061608CD2F000F17DE /* CJSONSerializer.h in Headers */,
				8A9189081608CD2F000F17DE /* JSONRepresentation.h in Headers */,
				8A91894C1608CD3B000F17DE /* MPAdManager+MPAdViewFriend.h in Headers */,
				8A91894D1608CD3B000F17DE /* MPAdManager+MPInterstitialAdControllerFriend.h in Headers */,
				8A91894E1608CD3B000F17DE /* MPAdView+MPAdManagerFriend.h in Headers */,
				8A91894F1608CD3B000F17DE /* MPAdView+MPInterstitialAdControllerFriend.h in Headers */,
				8A9189501608CD3B000F17DE /* MPInterstitialAdController+MPCustomEventAdapterFriend.h in Headers */,
				8A9189511608CD3B000F17DE /* MPAdapterMap.h in Headers */,
				8A9189531608CD3B000F17DE /* MPAdBrowserController.h in Headers */,
				8A9189551608CD3B000F17DE /* MPAdConversionTracker.h in Headers */,
				8A9189571608CD3B000F17DE /* MPAdManager.h in Headers */,
				8A9189591608CD3B000F17DE /* MPAdView.h in Headers */,
				8A91895B1608CD3B000F17DE /* MPBaseAdapter.h in Headers */,
				8A91895D1608CD3B000F17DE /* MPBaseInterstitialAdapter.h in Headers */,
				8A91895F1608CD3B000F17DE /* MPConstants.h in Headers */,
				8A9189601608CD3B000F17DE /* MPCustomEventAdapter.h in Headers */,
				8A9189621608CD3B000F17DE /* MPGlobal.h in Headers */,
				8A9189641608CD3B000F17DE /* MPInterstitialAdapter.h in Headers */,
				8A9189661608CD3B000F17DE /* MPInterstitialAdController.h in Headers */,
				8A9189681608CD3B000F17DE /* MPLogging.h in Headers */,
				8A91896A1608CD3B000F17DE /* MPMraidAdapter.h in Headers */,
				8A91896C1608CD3C000F17DE /* MPMraidInterstitialAdapter.h in Headers */,
				8A91896E1608CD3C000F17DE /* MPProgressOverlayView.h in Headers */,
				8A9189701608CD3C000F17DE /* MPStore.h in Headers */,
				8A9189721608CD3C000F17DE /* MPTimer.h in Headers */,
				8A9189741608CD3C000F17DE /* MRAdView+Controllers.h in Headers */,
				8A9189751608CD3C000F17DE /* MRAdView.h in Headers */,
				8A9189771608CD3C000F17DE /* MRAdViewBrowsingController.h in Headers */,
				8A9189791608CD3C000F17DE /* MRAdViewDisplayController.h in Headers */,
				8A91897B1608CD3C000F17DE /* MRCommand.h in Headers */,
				8A91897D1608CD3C000F17DE /* MRDimmingView.h in Headers */,
				8A91897F1608CD3C000F17DE /* MRProperty.h in Headers */,
				8A9189811608CD3C000F17DE /* OpenUDID.h in Headers */,
				8A9189831608CD3C000F17DE /* UIWebView+MPAdditions.h in Headers */,
				8A9189AC1608CD5D000F17DE /* MPGoogleAdMobAdapter.h in Headers */,
				8A9189AE1608CD5D000F17DE /* MPGoogleAdMobInterstitialAdapter.h in Headers */,
				8A9189B21608CD5D000F17DE /* MPIAdAdapter.h in Headers */,
				8A9189B41608CD5D000F17DE /* MPIAdInterstitialAdapter.h in Headers */,
				8A9189B61608CD5D000F17DE /* MPMillennialAdapter.h in Headers */,
				8A9189B81608CD5D000F17DE /* MPMillennialInterstitialAdapter.h in Headers */,
			);
			runOnlyForDeploymentPostprocessing = 0;
		};
/* End PBXHeadersBuildPhase section */

/* Begin PBXNativeTarget section */
		E0532DAB15FA3319004CB7F5 /* Mopub */ = {
			isa = PBXNativeTarget;
			buildConfigurationList = E0532DE415FA331A004CB7F5 /* Build configuration list for PBXNativeTarget "Mopub" */;
			buildPhases = (
				E0532DA815FA3319004CB7F5 /* Sources */,
				E0532DA915FA3319004CB7F5 /* Frameworks */,
				E0532DAA15FA3319004CB7F5 /* Headers */,
			);
			buildRules = (
			);
			dependencies = (
			);
			name = Mopub;
			productName = Mopub;
			productReference = E0532DAC15FA3319004CB7F5 /* libMopub.a */;
			productType = "com.apple.product-type.library.static";
		};
		E0532DCE15FA331A004CB7F5 /* Mopub.ane */ = {
			isa = PBXNativeTarget;
			buildConfigurationList = E0532DE715FA331A004CB7F5 /* Build configuration list for PBXNativeTarget "Mopub.ane" */;
			buildPhases = (
				E0532DCD15FA331A004CB7F5 /* ShellScript */,
			);
			buildRules = (
			);
			dependencies = (
				E0532DD515FA331A004CB7F5 /* PBXTargetDependency */,
			);
			name = Mopub.ane;
			productName = Mopub.ane;
			productReference = E0532DCF15FA331A004CB7F5 /* Mopub.ane */;
			productType = "com.apple.product-type.library.static";
		};
		E0532DD115FA331A004CB7F5 /* DebugMopubAIRApp */ = {
			isa = PBXNativeTarget;
			buildConfigurationList = E0532DEA15FA331A004CB7F5 /* Build configuration list for PBXNativeTarget "DebugMopubAIRApp" */;
			buildPhases = (
				E0532DD015FA331A004CB7F5 /* ShellScript */,
			);
			buildRules = (
			);
			dependencies = (
				E0532DD715FA331A004CB7F5 /* PBXTargetDependency */,
			);
			name = DebugMopubAIRApp;
			productName = DebugMopubAIRApp;
			productReference = E0532DD215FA331A004CB7F5 /* DebugMopubAIRApp.app */;
			productType = "com.apple.product-type.application";
		};
/* End PBXNativeTarget section */

/* Begin PBXProject section */
		E0532DA315FA3319004CB7F5 /* Project object */ = {
			isa = PBXProject;
			attributes = {
				LastUpgradeCheck = 0440;
			};
			buildConfigurationList = E0532DA615FA3319004CB7F5 /* Build configuration list for PBXProject "Mopub" */;
			compatibilityVersion = "Xcode 3.2";
			developmentRegion = English;
			hasScannedForEncodings = 0;
			knownRegions = (
				en,
			);
			mainGroup = E0532DA115FA3319004CB7F5;
			productRefGroup = E0532DAD15FA3319004CB7F5 /* Products */;
			projectDirPath = "";
			projectRoot = "";
			targets = (
				E0532DAB15FA3319004CB7F5 /* Mopub */,
				E0532DCE15FA331A004CB7F5 /* Mopub.ane */,
				E0532DD115FA331A004CB7F5 /* DebugMopubAIRApp */,
			);
		};
/* End PBXProject section */

/* Begin PBXShellScriptBuildPhase section */
		E0532DCD15FA331A004CB7F5 /* ShellScript */ = {
			isa = PBXShellScriptBuildPhase;
			buildActionMask = 2147483647;
			files = (
			);
			inputPaths = (
			);
			outputPaths = (
			);
			runOnlyForDeploymentPostprocessing = 0;
			shellPath = /bin/bash;
			shellScript = "\n\t\t\t\t\t\t\t\tchmod 755 \"$PROJECT_DIR/$PROJECT_NAME/generateANE.sh\"\n\t\t\t\t\t\t\t\t\"$PROJECT_DIR/$PROJECT_NAME/generateANE.sh\"\n\t\t\t\t\t";
		};
		E0532DD015FA331A004CB7F5 /* ShellScript */ = {
			isa = PBXShellScriptBuildPhase;
			buildActionMask = 2147483647;
			files = (
			);
			inputPaths = (
			);
			outputPaths = (
			);
			runOnlyForDeploymentPostprocessing = 0;
			shellPath = /bin/bash;
			shellScript = "\n\t\t\t\t\t\t\t\tchmod 755 \"$PROJECT_DIR/$PROJECT_NAME/debugIPA.sh\"\n\t\t\t\t\t\t\t\t\"$PROJECT_DIR/$PROJECT_NAME/debugIPA.sh\"\n";
		};
/* End PBXShellScriptBuildPhase section */

/* Begin PBXSourcesBuildPhase section */
		E0532DA815FA3319004CB7F5 /* Sources */ = {
			isa = PBXSourcesBuildPhase;
			buildActionMask = 2147483647;
			files = (
				E0532DDD15FA331A004CB7F5 /* Mopub.m in Sources */,
				E01859EA15FB1367008F995C /* MopubInstance.m in Sources */,
				8A9188F51608CD2F000F17DE /* CDataScanner.m in Sources */,
				8A9188F71608CD2F000F17DE /* CFilteringJSONSerializer.m in Sources */,
				8A9188F91608CD2F000F17DE /* CJSONDeserializer_BlocksExtensions.m in Sources */,
				8A9188FB1608CD2F000F17DE /* CJSONSerialization.m in Sources */,
				8A9188FD1608CD2F000F17DE /* CJSONSerializedData.m in Sources */,
				8A9188FF1608CD2F000F17DE /* CDataScanner_Extensions.m in Sources */,
				8A9189011608CD2F000F17DE /* NSDictionary_JSONExtensions.m in Sources */,
				8A9189031608CD2F000F17DE /* CJSONDeserializer.m in Sources */,
				8A9189051608CD2F000F17DE /* CJSONScanner.m in Sources */,
				8A9189071608CD2F000F17DE /* CJSONSerializer.m in Sources */,
				8A9189521608CD3B000F17DE /* MPAdapterMap.m in Sources */,
				8A9189541608CD3B000F17DE /* MPAdBrowserController.m in Sources */,
				8A9189561608CD3B000F17DE /* MPAdConversionTracker.m in Sources */,
				8A9189581608CD3B000F17DE /* MPAdManager.m in Sources */,
				8A91895A1608CD3B000F17DE /* MPAdView.m in Sources */,
				8A91895C1608CD3B000F17DE /* MPBaseAdapter.m in Sources */,
				8A91895E1608CD3B000F17DE /* MPBaseInterstitialAdapter.m in Sources */,
				8A9189611608CD3B000F17DE /* MPCustomEventAdapter.m in Sources */,
				8A9189631608CD3B000F17DE /* MPGlobal.m in Sources */,
				8A9189651608CD3B000F17DE /* MPInterstitialAdapter.m in Sources */,
				8A9189671608CD3B000F17DE /* MPInterstitialAdController.m in Sources */,
				8A9189691608CD3B000F17DE /* MPLogging.m in Sources */,
				8A91896B1608CD3C000F17DE /* MPMraidAdapter.m in Sources */,
				8A91896D1608CD3C000F17DE /* MPMraidInterstitialAdapter.m in Sources */,
				8A91896F1608CD3C000F17DE /* MPProgressOverlayView.m in Sources */,
				8A9189711608CD3C000F17DE /* MPStore.m in Sources */,
				8A9189731608CD3C000F17DE /* MPTimer.m in Sources */,
				8A9189761608CD3C000F17DE /* MRAdView.m in Sources */,
				8A9189781608CD3C000F17DE /* MRAdViewBrowsingController.m in Sources */,
				8A91897A1608CD3C000F17DE /* MRAdViewDisplayController.m in Sources */,
				8A91897C1608CD3C000F17DE /* MRCommand.m in Sources */,
				8A91897E1608CD3C000F17DE /* MRDimmingView.m in Sources */,
				8A9189801608CD3C000F17DE /* MRProperty.m in Sources */,
				8A9189821608CD3C000F17DE /* OpenUDID.m in Sources */,
				8A9189841608CD3C000F17DE /* UIWebView+MPAdditions.m in Sources */,
				8A9189AD1608CD5D000F17DE /* MPGoogleAdMobAdapter.m in Sources */,
				8A9189AF1608CD5D000F17DE /* MPGoogleAdMobInterstitialAdapter.m in Sources */,
				8A9189B31608CD5D000F17DE /* MPIAdAdapter.m in Sources */,
				8A9189B51608CD5D000F17DE /* MPIAdInterstitialAdapter.m in Sources */,
				8A9189B71608CD5D000F17DE /* MPMillennialAdapter.m in Sources */,
				8A9189B91608CD5D000F17DE /* MPMillennialInterstitialAdapter.m in Sources */,
			);
			runOnlyForDeploymentPostprocessing = 0;
		};
/* End PBXSourcesBuildPhase section */

/* Begin PBXTargetDependency section */
		E0532DD515FA331A004CB7F5 /* PBXTargetDependency */ = {
			isa = PBXTargetDependency;
			target = E0532DAB15FA3319004CB7F5 /* Mopub */;
			targetProxy = E0532DD415FA331A004CB7F5 /* PBXContainerItemProxy */;
		};
		E0532DD715FA331A004CB7F5 /* PBXTargetDependency */ = {
			isa = PBXTargetDependency;
			target = E0532DCE15FA331A004CB7F5 /* Mopub.ane */;
			targetProxy = E0532DD615FA331A004CB7F5 /* PBXContainerItemProxy */;
		};
/* End PBXTargetDependency section */

/* Begin XCBuildConfiguration section */
		E0532DE215FA331A004CB7F5 /* Debug */ = {
			isa = XCBuildConfiguration;
			buildSettings = {
				ALWAYS_SEARCH_USER_PATHS = NO;
				ARCHS = "$(ARCHS_STANDARD_32_BIT)";
				CLANG_ENABLE_OBJC_ARC = NO;
				"CODE_SIGN_IDENTITY[sdk=iphoneos*]" = "iPhone Developer";
				COPY_PHASE_STRIP = NO;
				GCC_C_LANGUAGE_STANDARD = gnu99;
				GCC_DYNAMIC_NO_PIC = NO;
				GCC_ENABLE_CPP_EXCEPTIONS = NO;
				GCC_ENABLE_OBJC_EXCEPTIONS = NO;
				GCC_OPTIMIZATION_LEVEL = 0;
				GCC_PREPROCESSOR_DEFINITIONS = (
					"DEBUG=1",
					"$(inherited)",
				);
				GCC_SYMBOLS_PRIVATE_EXTERN = NO;
				GCC_VERSION = com.apple.compilers.llvmgcc42;
				GCC_WARN_ABOUT_MISSING_PROTOTYPES = YES;
				GCC_WARN_ABOUT_RETURN_TYPE = YES;
				GCC_WARN_UNUSED_VARIABLE = YES;
				IPHONEOS_DEPLOYMENT_TARGET = 4.0;
				SDKROOT = iphoneos;
				SYMROOT = "${PROJECT_DIR}/build";
				USER_HEADER_SEARCH_PATHS = "/Applications/Adobe Flash Builder 4.6/sdks/4.6.0_air3.3/include/";
			};
			name = Debug;
		};
		E0532DE315FA331A004CB7F5 /* Release */ = {
			isa = XCBuildConfiguration;
			buildSettings = {
				ALWAYS_SEARCH_USER_PATHS = NO;
				ARCHS = "$(ARCHS_STANDARD_32_BIT)";
				CLANG_ENABLE_OBJC_ARC = NO;
				"CODE_SIGN_IDENTITY[sdk=iphoneos*]" = "iPhone Developer";
				COPY_PHASE_STRIP = YES;
				GCC_C_LANGUAGE_STANDARD = gnu99;
				GCC_ENABLE_CPP_EXCEPTIONS = NO;
				GCC_ENABLE_OBJC_EXCEPTIONS = NO;
				GCC_VERSION = com.apple.compilers.llvmgcc42;
				GCC_WARN_ABOUT_MISSING_PROTOTYPES = YES;
				GCC_WARN_ABOUT_RETURN_TYPE = YES;
				GCC_WARN_UNUSED_VARIABLE = YES;
				IPHONEOS_DEPLOYMENT_TARGET = 4.0;
				SDKROOT = iphoneos;
				SYMROOT = "${PROJECT_DIR}/build";
				USER_HEADER_SEARCH_PATHS = "/Applications/Adobe Flash Builder 4.6/sdks/4.6.0_air3.3/include/";
				VALIDATE_PRODUCT = YES;
			};
			name = Release;
		};
		E0532DE515FA331A004CB7F5 /* Debug */ = {
			isa = XCBuildConfiguration;
			buildSettings = {
				DSTROOT = /tmp/Mopub.dst;
				GCC_PRECOMPILE_PREFIX_HEADER = YES;
				GCC_PREFIX_HEADER = "Mopub/Mopub-Prefix.pch";
				LIBRARY_SEARCH_PATHS = (
					"$(inherited)",
					"\"$(SRCROOT)/../lib/GoogleAdMobAdsSdkiOS-6.1.4\"",
					"\"$(SRCROOT)/../lib/iOS_46_SDK/MMSDK\"",
					"\"$(SRCROOT)/../../Ads/GoogleAdMobAdsSdkiOS-6.1.4/Add-ons/GoogleAnalyticsiOS_2.0beta2/Library\"",
					"\"$(SRCROOT)/../../Ads/GoogleAdMobAdsSdkiOS-6.1.4\"",
					"\"$(SRCROOT)/../../Ads/MMSDK\"",
				);
				OTHER_LDFLAGS = "-ObjC";
				PRODUCT_NAME = "$(TARGET_NAME)";
				SKIP_INSTALL = YES;
			};
			name = Debug;
		};
		E0532DE615FA331A004CB7F5 /* Release */ = {
			isa = XCBuildConfiguration;
			buildSettings = {
				DSTROOT = /tmp/Mopub.dst;
				GCC_PRECOMPILE_PREFIX_HEADER = YES;
				GCC_PREFIX_HEADER = "Mopub/Mopub-Prefix.pch";
				LIBRARY_SEARCH_PATHS = (
					"$(inherited)",
					"\"$(SRCROOT)/../lib/GoogleAdMobAdsSdkiOS-6.1.4\"",
					"\"$(SRCROOT)/../lib/iOS_46_SDK/MMSDK\"",
					"\"$(SRCROOT)/../../Ads/GoogleAdMobAdsSdkiOS-6.1.4/Add-ons/GoogleAnalyticsiOS_2.0beta2/Library\"",
					"\"$(SRCROOT)/../../Ads/GoogleAdMobAdsSdkiOS-6.1.4\"",
					"\"$(SRCROOT)/../../Ads/MMSDK\"",
				);
				OTHER_LDFLAGS = "-ObjC";
				PRODUCT_NAME = "$(TARGET_NAME)";
				SKIP_INSTALL = YES;
			};
			name = Release;
		};
		E0532DE815FA331A004CB7F5 /* Debug */ = {
			isa = XCBuildConfiguration;
			buildSettings = {
				AIR_SDK_PATH = "/Applications/Adobe Flash Builder 4.6/sdks/4.6.0_air3.3";
				EXECUTABLE_EXTENSION = ane;
				EXECUTABLE_PREFIX = "";
				NATIVEEXTENSION_SWC = /;
				PRODUCT_NAME = Mopub;
			};
			name = Debug;
		};
		E0532DE915FA331A004CB7F5 /* Release */ = {
			isa = XCBuildConfiguration;
			buildSettings = {
				AIR_SDK_PATH = "/Applications/Adobe Flash Builder 4.6/sdks/4.6.0_air3.3";
				EXECUTABLE_EXTENSION = ane;
				EXECUTABLE_PREFIX = "";
				NATIVEEXTENSION_SWC = /;
				PRODUCT_NAME = Mopub;
			};
			name = Release;
		};
		E0532DEB15FA331A004CB7F5 /* Debug */ = {
			isa = XCBuildConfiguration;
			buildSettings = {
				AIR_SDK_PATH = "/Applications/Adobe Flash Builder 4.6/sdks/4.6.0_air3.3";
				NATIVEEXTENSION_SWC = /;
				PRODUCT_NAME = DebugMopubAIRApp;
			};
			name = Debug;
		};
		E0532DEC15FA331A004CB7F5 /* Release */ = {
			isa = XCBuildConfiguration;
			buildSettings = {
				AIR_SDK_PATH = "/Applications/Adobe Flash Builder 4.6/sdks/4.6.0_air3.3";
				NATIVEEXTENSION_SWC = /;
				PRODUCT_NAME = DebugMopubAIRApp;
			};
			name = Release;
		};
/* End XCBuildConfiguration section */

/* Begin XCConfigurationList section */
		E0532DA615FA3319004CB7F5 /* Build configuration list for PBXProject "Mopub" */ = {
			isa = XCConfigurationList;
			buildConfigurations = (
				E0532DE215FA331A004CB7F5 /* Debug */,
				E0532DE315FA331A004CB7F5 /* Release */,
			);
			defaultConfigurationIsVisible = 0;
			defaultConfigurationName = Release;
		};
		E0532DE415FA331A004CB7F5 /* Build configuration list for PBXNativeTarget "Mopub" */ = {
			isa = XCConfigurationList;
			buildConfigurations = (
				E0532DE515FA331A004CB7F5 /* Debug */,
				E0532DE615FA331A004CB7F5 /* Release */,
			);
			defaultConfigurationIsVisible = 0;
			defaultConfigurationName = Release;
		};
		E0532DE715FA331A004CB7F5 /* Build configuration list for PBXNativeTarget "Mopub.ane" */ = {
			isa = XCConfigurationList;
			buildConfigurations = (
				E0532DE815FA331A004CB7F5 /* Debug */,
				E0532DE915FA331A004CB7F5 /* Release */,
			);
			defaultConfigurationIsVisible = 0;
			defaultConfigurationName = Release;
		};
		E0532DEA15FA331A004CB7F5 /* Build configuration list for PBXNativeTarget "DebugMopubAIRApp" */ = {
			isa = XCConfigurationList;
			buildConfigurations = (
				E0532DEB15FA331A004CB7F5 /* Debug */,
				E0532DEC15FA331A004CB7F5 /* Release */,
			);
			defaultConfigurationIsVisible = 0;
			defaultConfigurationName = Release;
		};
/* End XCConfigurationList section */
	};
	rootObject = E0532DA315FA3319004CB7F5 /* Project object */;
}
